// !$*UTF8*$!
{
	archiveVersion = 1;
	classes = {
	};
	objectVersion = 56;
	objects = {

/* Begin PBXBuildFile section */
		1242A2CB2B0B66EC0033BD09 /* AliveApp.swift in Sources */ = {isa = PBXBuildFile; fileRef = 1242A2CA2B0B66EC0033BD09 /* AliveApp.swift */; };
		1242A2CF2B0B66EE0033BD09 /* Images.xcassets in Resources */ = {isa = PBXBuildFile; fileRef = 1242A2CE2B0B66EE0033BD09 /* Images.xcassets */; };
		1242A2D22B0B66EE0033BD09 /* Preview Assets.xcassets in Resources */ = {isa = PBXBuildFile; fileRef = 1242A2D12B0B66EE0033BD09 /* Preview Assets.xcassets */; };
		1242A2D92B0B69740033BD09 /* GoogleService-Info.plist in Resources */ = {isa = PBXBuildFile; fileRef = 1242A2D82B0B69740033BD09 /* GoogleService-Info.plist */; };
		1242A2DE2B0B6A180033BD09 /* AdMobView.swift in Sources */ = {isa = PBXBuildFile; fileRef = 1242A2DD2B0B6A180033BD09 /* AdMobView.swift */; };
		1242A2E32B0B6A8D0033BD09 /* Localizable.strings in Resources */ = {isa = PBXBuildFile; fileRef = 1242A2E52B0B6A8D0033BD09 /* Localizable.strings */; };
		1242A2E82B0B6AC10033BD09 /* Colors.xcassets in Resources */ = {isa = PBXBuildFile; fileRef = 1242A2E72B0B6AC10033BD09 /* Colors.xcassets */; };
		1242A2EB2B0B6AE60033BD09 /* Assets.swift in Sources */ = {isa = PBXBuildFile; fileRef = 1242A2E92B0B6AE60033BD09 /* Assets.swift */; };
		1242A2EC2B0B6AE60033BD09 /* Strings.swift in Sources */ = {isa = PBXBuildFile; fileRef = 1242A2EA2B0B6AE60033BD09 /* Strings.swift */; };
		1242A2F12B0B6B900033BD09 /* Live.swift in Sources */ = {isa = PBXBuildFile; fileRef = 1242A2F02B0B6B900033BD09 /* Live.swift */; };
		1242A2F32B0B6CBA0033BD09 /* RealmRepository.swift in Sources */ = {isa = PBXBuildFile; fileRef = 1242A2F22B0B6CBA0033BD09 /* RealmRepository.swift */; };
		1242A2F52B0B6D660033BD09 /* RealmRepositoryViewModel.swift in Sources */ = {isa = PBXBuildFile; fileRef = 1242A2F42B0B6D660033BD09 /* RealmRepositoryViewModel.swift */; };
		1242A2F72B0B6E200033BD09 /* LiveScheduleListView.swift in Sources */ = {isa = PBXBuildFile; fileRef = 1242A2F62B0B6E200033BD09 /* LiveScheduleListView.swift */; };
		1242A2FA2B0B6E710033BD09 /* ImageFileManager.swift in Sources */ = {isa = PBXBuildFile; fileRef = 1242A2F92B0B6E710033BD09 /* ImageFileManager.swift */; };
		1242A2FC2B0B6E910033BD09 /* ExCollection.swift in Sources */ = {isa = PBXBuildFile; fileRef = 1242A2FB2B0B6E910033BD09 /* ExCollection.swift */; };
		1242A2FE2B0B6EA40033BD09 /* DateFormatManager.swift in Sources */ = {isa = PBXBuildFile; fileRef = 1242A2FD2B0B6EA40033BD09 /* DateFormatManager.swift */; };
		1242A3002B0B6F060033BD09 /* UserDefaultsRepository.swift in Sources */ = {isa = PBXBuildFile; fileRef = 1242A2FF2B0B6F060033BD09 /* UserDefaultsRepository.swift */; };
		1242A3022B0B6F380033BD09 /* UserDefaultsRepositoryViewModel.swift in Sources */ = {isa = PBXBuildFile; fileRef = 1242A3012B0B6F380033BD09 /* UserDefaultsRepositoryViewModel.swift */; };
		1242A3042B0B75B20033BD09 /* DetailLiveView.swift in Sources */ = {isa = PBXBuildFile; fileRef = 1242A3032B0B75B20033BD09 /* DetailLiveView.swift */; };
		1242A3062B0B7CE40033BD09 /* DeviceSizeManager.swift in Sources */ = {isa = PBXBuildFile; fileRef = 1242A3052B0B7CE40033BD09 /* DeviceSizeManager.swift */; };
		1242A3082B0B7E130033BD09 /* HeaderView.swift in Sources */ = {isa = PBXBuildFile; fileRef = 1242A3072B0B7E130033BD09 /* HeaderView.swift */; };
		1242A30A2B0B8C5F0033BD09 /* InputLiveView.swift in Sources */ = {isa = PBXBuildFile; fileRef = 1242A3092B0B8C5F0033BD09 /* InputLiveView.swift */; };
		1242A30C2B0B8EAD0033BD09 /* FooterView.swift in Sources */ = {isa = PBXBuildFile; fileRef = 1242A30B2B0B8EAD0033BD09 /* FooterView.swift */; };
		1242A30E2B0B912C0033BD09 /* ArtistGridListView.swift in Sources */ = {isa = PBXBuildFile; fileRef = 1242A30D2B0B912C0033BD09 /* ArtistGridListView.swift */; };
		3F7636776BFE4A61BC175C92 /* Pods_Alive.framework in Frameworks */ = {isa = PBXBuildFile; fileRef = 50CBE1B59773CF5328B9A8D8 /* Pods_Alive.framework */; };
/* End PBXBuildFile section */

/* Begin PBXFileReference section */
		0AFA982D3E503272A6A1DBB4 /* Pods-Alive.debug.xcconfig */ = {isa = PBXFileReference; includeInIndex = 1; lastKnownFileType = text.xcconfig; name = "Pods-Alive.debug.xcconfig"; path = "Target Support Files/Pods-Alive/Pods-Alive.debug.xcconfig"; sourceTree = "<group>"; };
		1242A2C72B0B66EC0033BD09 /* Alive.app */ = {isa = PBXFileReference; explicitFileType = wrapper.application; includeInIndex = 0; path = Alive.app; sourceTree = BUILT_PRODUCTS_DIR; };
		1242A2CA2B0B66EC0033BD09 /* AliveApp.swift */ = {isa = PBXFileReference; lastKnownFileType = sourcecode.swift; path = AliveApp.swift; sourceTree = "<group>"; };
		1242A2CE2B0B66EE0033BD09 /* Images.xcassets */ = {isa = PBXFileReference; lastKnownFileType = folder.assetcatalog; path = Images.xcassets; sourceTree = "<group>"; };
		1242A2D12B0B66EE0033BD09 /* Preview Assets.xcassets */ = {isa = PBXFileReference; lastKnownFileType = folder.assetcatalog; path = "Preview Assets.xcassets"; sourceTree = "<group>"; };
		1242A2D82B0B69740033BD09 /* GoogleService-Info.plist */ = {isa = PBXFileReference; lastKnownFileType = text.plist; path = "GoogleService-Info.plist"; sourceTree = SOURCE_ROOT; };
		1242A2DA2B0B69B70033BD09 /* Info.plist */ = {isa = PBXFileReference; lastKnownFileType = text.plist; path = Info.plist; sourceTree = "<group>"; };
		1242A2DD2B0B6A180033BD09 /* AdMobView.swift */ = {isa = PBXFileReference; lastKnownFileType = sourcecode.swift; path = AdMobView.swift; sourceTree = "<group>"; };
		1242A2E42B0B6A8D0033BD09 /* en */ = {isa = PBXFileReference; lastKnownFileType = text.plist.strings; name = en; path = en.lproj/Localizable.strings; sourceTree = "<group>"; };
		1242A2E62B0B6AA20033BD09 /* ja */ = {isa = PBXFileReference; lastKnownFileType = text.plist.strings; name = ja; path = ja.lproj/Localizable.strings; sourceTree = "<group>"; };
		1242A2E72B0B6AC10033BD09 /* Colors.xcassets */ = {isa = PBXFileReference; lastKnownFileType = folder.assetcatalog; path = Colors.xcassets; sourceTree = "<group>"; };
		1242A2E92B0B6AE60033BD09 /* Assets.swift */ = {isa = PBXFileReference; fileEncoding = 4; lastKnownFileType = sourcecode.swift; path = Assets.swift; sourceTree = "<group>"; };
		1242A2EA2B0B6AE60033BD09 /* Strings.swift */ = {isa = PBXFileReference; fileEncoding = 4; lastKnownFileType = sourcecode.swift; path = Strings.swift; sourceTree = "<group>"; };
		1242A2F02B0B6B900033BD09 /* Live.swift */ = {isa = PBXFileReference; lastKnownFileType = sourcecode.swift; path = Live.swift; sourceTree = "<group>"; };
		1242A2F22B0B6CBA0033BD09 /* RealmRepository.swift */ = {isa = PBXFileReference; lastKnownFileType = sourcecode.swift; path = RealmRepository.swift; sourceTree = "<group>"; };
		1242A2F42B0B6D660033BD09 /* RealmRepositoryViewModel.swift */ = {isa = PBXFileReference; lastKnownFileType = sourcecode.swift; path = RealmRepositoryViewModel.swift; sourceTree = "<group>"; };
		1242A2F62B0B6E200033BD09 /* LiveScheduleListView.swift */ = {isa = PBXFileReference; lastKnownFileType = sourcecode.swift; path = LiveScheduleListView.swift; sourceTree = "<group>"; };
		1242A2F92B0B6E710033BD09 /* ImageFileManager.swift */ = {isa = PBXFileReference; lastKnownFileType = sourcecode.swift; path = ImageFileManager.swift; sourceTree = "<group>"; };
		1242A2FB2B0B6E910033BD09 /* ExCollection.swift */ = {isa = PBXFileReference; lastKnownFileType = sourcecode.swift; path = ExCollection.swift; sourceTree = "<group>"; };
		1242A2FD2B0B6EA40033BD09 /* DateFormatManager.swift */ = {isa = PBXFileReference; lastKnownFileType = sourcecode.swift; path = DateFormatManager.swift; sourceTree = "<group>"; };
		1242A2FF2B0B6F060033BD09 /* UserDefaultsRepository.swift */ = {isa = PBXFileReference; lastKnownFileType = sourcecode.swift; path = UserDefaultsRepository.swift; sourceTree = "<group>"; };
		1242A3012B0B6F380033BD09 /* UserDefaultsRepositoryViewModel.swift */ = {isa = PBXFileReference; lastKnownFileType = sourcecode.swift; path = UserDefaultsRepositoryViewModel.swift; sourceTree = "<group>"; };
		1242A3032B0B75B20033BD09 /* DetailLiveView.swift */ = {isa = PBXFileReference; lastKnownFileType = sourcecode.swift; path = DetailLiveView.swift; sourceTree = "<group>"; };
		1242A3052B0B7CE40033BD09 /* DeviceSizeManager.swift */ = {isa = PBXFileReference; lastKnownFileType = sourcecode.swift; path = DeviceSizeManager.swift; sourceTree = "<group>"; };
		1242A3072B0B7E130033BD09 /* HeaderView.swift */ = {isa = PBXFileReference; lastKnownFileType = sourcecode.swift; path = HeaderView.swift; sourceTree = "<group>"; };
		1242A3092B0B8C5F0033BD09 /* InputLiveView.swift */ = {isa = PBXFileReference; lastKnownFileType = sourcecode.swift; path = InputLiveView.swift; sourceTree = "<group>"; };
		1242A30B2B0B8EAD0033BD09 /* FooterView.swift */ = {isa = PBXFileReference; lastKnownFileType = sourcecode.swift; path = FooterView.swift; sourceTree = "<group>"; };
		1242A30D2B0B912C0033BD09 /* ArtistGridListView.swift */ = {isa = PBXFileReference; lastKnownFileType = sourcecode.swift; path = ArtistGridListView.swift; sourceTree = "<group>"; };
		50CBE1B59773CF5328B9A8D8 /* Pods_Alive.framework */ = {isa = PBXFileReference; explicitFileType = wrapper.framework; includeInIndex = 0; path = Pods_Alive.framework; sourceTree = BUILT_PRODUCTS_DIR; };
		514A17A386FF4D5734F351A6 /* Pods-Alive.release.xcconfig */ = {isa = PBXFileReference; includeInIndex = 1; lastKnownFileType = text.xcconfig; name = "Pods-Alive.release.xcconfig"; path = "Target Support Files/Pods-Alive/Pods-Alive.release.xcconfig"; sourceTree = "<group>"; };
/* End PBXFileReference section */

/* Begin PBXFrameworksBuildPhase section */
		1242A2C42B0B66EC0033BD09 /* Frameworks */ = {
			isa = PBXFrameworksBuildPhase;
			buildActionMask = 2147483647;
			files = (
				3F7636776BFE4A61BC175C92 /* Pods_Alive.framework in Frameworks */,
			);
			runOnlyForDeploymentPostprocessing = 0;
		};
/* End PBXFrameworksBuildPhase section */

/* Begin PBXGroup section */
		1242A2BE2B0B66EC0033BD09 = {
			isa = PBXGroup;
			children = (
				1242A2C92B0B66EC0033BD09 /* Alive */,
				1242A2C82B0B66EC0033BD09 /* Products */,
				52C2971FC94C465977190C45 /* Pods */,
				5D1C33187143AE2E8BA89297 /* Frameworks */,
			);
			sourceTree = "<group>";
		};
		1242A2C82B0B66EC0033BD09 /* Products */ = {
			isa = PBXGroup;
			children = (
				1242A2C72B0B66EC0033BD09 /* Alive.app */,
			);
			name = Products;
			sourceTree = "<group>";
		};
		1242A2C92B0B66EC0033BD09 /* Alive */ = {
			isa = PBXGroup;
			children = (
				1242A2DA2B0B69B70033BD09 /* Info.plist */,
				1242A2D82B0B69740033BD09 /* GoogleService-Info.plist */,
				1242A2E02B0B6A790033BD09 /* Generated */,
				1242A2DF2B0B6A740033BD09 /* Resources */,
				1242A2F82B0B6E530033BD09 /* Extension&Utility */,
				1242A2ED2B0B6B470033BD09 /* Model */,
				1242A2DB2B0B69ED0033BD09 /* View */,
				1242A2EE2B0B6B4C0033BD09 /* ViewModel */,
				1242A2D02B0B66EE0033BD09 /* Preview Content */,
				1242A2EF2B0B6B6F0033BD09 /* Repository */,
			);
			path = Alive;
			sourceTree = "<group>";
		};
		1242A2D02B0B66EE0033BD09 /* Preview Content */ = {
			isa = PBXGroup;
			children = (
				1242A2D12B0B66EE0033BD09 /* Preview Assets.xcassets */,
			);
			path = "Preview Content";
			sourceTree = "<group>";
		};
		1242A2DB2B0B69ED0033BD09 /* View */ = {
			isa = PBXGroup;
			children = (
				1242A2CA2B0B66EC0033BD09 /* AliveApp.swift */,
				1242A2F62B0B6E200033BD09 /* LiveScheduleListView.swift */,
				1242A30D2B0B912C0033BD09 /* ArtistGridListView.swift */,
				1242A3032B0B75B20033BD09 /* DetailLiveView.swift */,
				1242A3092B0B8C5F0033BD09 /* InputLiveView.swift */,
				1242A2DC2B0B69F30033BD09 /* Components */,
			);
			path = View;
			sourceTree = "<group>";
		};
		1242A2DC2B0B69F30033BD09 /* Components */ = {
			isa = PBXGroup;
			children = (
				1242A2DD2B0B6A180033BD09 /* AdMobView.swift */,
				1242A3072B0B7E130033BD09 /* HeaderView.swift */,
				1242A30B2B0B8EAD0033BD09 /* FooterView.swift */,
			);
			path = Components;
			sourceTree = "<group>";
		};
		1242A2DF2B0B6A740033BD09 /* Resources */ = {
			isa = PBXGroup;
			children = (
				1242A2CE2B0B66EE0033BD09 /* Images.xcassets */,
				1242A2E72B0B6AC10033BD09 /* Colors.xcassets */,
				1242A2E52B0B6A8D0033BD09 /* Localizable.strings */,
			);
			path = Resources;
			sourceTree = "<group>";
		};
		1242A2E02B0B6A790033BD09 /* Generated */ = {
			isa = PBXGroup;
			children = (
				1242A2E92B0B6AE60033BD09 /* Assets.swift */,
				1242A2EA2B0B6AE60033BD09 /* Strings.swift */,
			);
			path = Generated;
			sourceTree = "<group>";
		};
		1242A2ED2B0B6B470033BD09 /* Model */ = {
			isa = PBXGroup;
			children = (
				1242A2F02B0B6B900033BD09 /* Live.swift */,
			);
			path = Model;
			sourceTree = "<group>";
		};
		1242A2EE2B0B6B4C0033BD09 /* ViewModel */ = {
			isa = PBXGroup;
			children = (
				1242A2F42B0B6D660033BD09 /* RealmRepositoryViewModel.swift */,
				1242A3012B0B6F380033BD09 /* UserDefaultsRepositoryViewModel.swift */,
			);
			path = ViewModel;
			sourceTree = "<group>";
		};
		1242A2EF2B0B6B6F0033BD09 /* Repository */ = {
			isa = PBXGroup;
			children = (
				1242A2F22B0B6CBA0033BD09 /* RealmRepository.swift */,
				1242A2FF2B0B6F060033BD09 /* UserDefaultsRepository.swift */,
			);
			path = Repository;
			sourceTree = "<group>";
		};
		1242A2F82B0B6E530033BD09 /* Extension&Utility */ = {
			isa = PBXGroup;
			children = (
				1242A2F92B0B6E710033BD09 /* ImageFileManager.swift */,
				1242A2FB2B0B6E910033BD09 /* ExCollection.swift */,
				1242A3052B0B7CE40033BD09 /* DeviceSizeManager.swift */,
				1242A2FD2B0B6EA40033BD09 /* DateFormatManager.swift */,
			);
			path = "Extension&Utility";
			sourceTree = "<group>";
		};
		52C2971FC94C465977190C45 /* Pods */ = {
			isa = PBXGroup;
			children = (
				0AFA982D3E503272A6A1DBB4 /* Pods-Alive.debug.xcconfig */,
				514A17A386FF4D5734F351A6 /* Pods-Alive.release.xcconfig */,
			);
			path = Pods;
			sourceTree = "<group>";
		};
		5D1C33187143AE2E8BA89297 /* Frameworks */ = {
			isa = PBXGroup;
			children = (
				50CBE1B59773CF5328B9A8D8 /* Pods_Alive.framework */,
			);
			name = Frameworks;
			sourceTree = "<group>";
		};
/* End PBXGroup section */

/* Begin PBXNativeTarget section */
		1242A2C62B0B66EC0033BD09 /* Alive */ = {
			isa = PBXNativeTarget;
			buildConfigurationList = 1242A2D52B0B66EE0033BD09 /* Build configuration list for PBXNativeTarget "Alive" */;
			buildPhases = (
				213BB1B7F928D088272475AE /* [CP] Check Pods Manifest.lock */,
				1242A2C32B0B66EC0033BD09 /* Sources */,
				1242A2C42B0B66EC0033BD09 /* Frameworks */,
				1242A2C52B0B66EC0033BD09 /* Resources */,
				0C446F363727ADEB2F10775D /* [CP] Embed Pods Frameworks */,
			);
			buildRules = (
			);
			dependencies = (
			);
			name = Alive;
			productName = Alive;
			productReference = 1242A2C72B0B66EC0033BD09 /* Alive.app */;
			productType = "com.apple.product-type.application";
		};
/* End PBXNativeTarget section */

/* Begin PBXProject section */
		1242A2BF2B0B66EC0033BD09 /* Project object */ = {
			isa = PBXProject;
			attributes = {
				BuildIndependentTargetsInParallel = 1;
				LastSwiftUpdateCheck = 1500;
				LastUpgradeCheck = 1500;
				TargetAttributes = {
					1242A2C62B0B66EC0033BD09 = {
						CreatedOnToolsVersion = 15.0.1;
					};
				};
			};
			buildConfigurationList = 1242A2C22B0B66EC0033BD09 /* Build configuration list for PBXProject "Alive" */;
			compatibilityVersion = "Xcode 14.0";
			developmentRegion = en;
			hasScannedForEncodings = 0;
			knownRegions = (
				en,
				Base,
				ja,
			);
			mainGroup = 1242A2BE2B0B66EC0033BD09;
			productRefGroup = 1242A2C82B0B66EC0033BD09 /* Products */;
			projectDirPath = "";
			projectRoot = "";
			targets = (
				1242A2C62B0B66EC0033BD09 /* Alive */,
			);
		};
/* End PBXProject section */

/* Begin PBXResourcesBuildPhase section */
		1242A2C52B0B66EC0033BD09 /* Resources */ = {
			isa = PBXResourcesBuildPhase;
			buildActionMask = 2147483647;
			files = (
				1242A2E82B0B6AC10033BD09 /* Colors.xcassets in Resources */,
				1242A2D22B0B66EE0033BD09 /* Preview Assets.xcassets in Resources */,
				1242A2E32B0B6A8D0033BD09 /* Localizable.strings in Resources */,
				1242A2CF2B0B66EE0033BD09 /* Images.xcassets in Resources */,
				1242A2D92B0B69740033BD09 /* GoogleService-Info.plist in Resources */,
			);
			runOnlyForDeploymentPostprocessing = 0;
		};
/* End PBXResourcesBuildPhase section */

/* Begin PBXShellScriptBuildPhase section */
		0C446F363727ADEB2F10775D /* [CP] Embed Pods Frameworks */ = {
			isa = PBXShellScriptBuildPhase;
			buildActionMask = 2147483647;
			files = (
			);
			inputFileListPaths = (
				"${PODS_ROOT}/Target Support Files/Pods-Alive/Pods-Alive-frameworks-${CONFIGURATION}-input-files.xcfilelist",
			);
			name = "[CP] Embed Pods Frameworks";
			outputFileListPaths = (
				"${PODS_ROOT}/Target Support Files/Pods-Alive/Pods-Alive-frameworks-${CONFIGURATION}-output-files.xcfilelist",
			);
			runOnlyForDeploymentPostprocessing = 0;
			shellPath = /bin/sh;
			shellScript = "\"${PODS_ROOT}/Target Support Files/Pods-Alive/Pods-Alive-frameworks.sh\"\n";
			showEnvVarsInLog = 0;
		};
		213BB1B7F928D088272475AE /* [CP] Check Pods Manifest.lock */ = {
			isa = PBXShellScriptBuildPhase;
			buildActionMask = 2147483647;
			files = (
			);
			inputFileListPaths = (
			);
			inputPaths = (
				"${PODS_PODFILE_DIR_PATH}/Podfile.lock",
				"${PODS_ROOT}/Manifest.lock",
			);
			name = "[CP] Check Pods Manifest.lock";
			outputFileListPaths = (
			);
			outputPaths = (
				"$(DERIVED_FILE_DIR)/Pods-Alive-checkManifestLockResult.txt",
			);
			runOnlyForDeploymentPostprocessing = 0;
			shellPath = /bin/sh;
			shellScript = "diff \"${PODS_PODFILE_DIR_PATH}/Podfile.lock\" \"${PODS_ROOT}/Manifest.lock\" > /dev/null\nif [ $? != 0 ] ; then\n    # print error to STDERR\n    echo \"error: The sandbox is not in sync with the Podfile.lock. Run 'pod install' or update your CocoaPods installation.\" >&2\n    exit 1\nfi\n# This output is used by Xcode 'outputs' to avoid re-running this script phase.\necho \"SUCCESS\" > \"${SCRIPT_OUTPUT_FILE_0}\"\n";
			showEnvVarsInLog = 0;
		};
/* End PBXShellScriptBuildPhase section */

/* Begin PBXSourcesBuildPhase section */
		1242A2C32B0B66EC0033BD09 /* Sources */ = {
			isa = PBXSourcesBuildPhase;
			buildActionMask = 2147483647;
			files = (
				1242A3002B0B6F060033BD09 /* UserDefaultsRepository.swift in Sources */,
				1242A2DE2B0B6A180033BD09 /* AdMobView.swift in Sources */,
				1242A3022B0B6F380033BD09 /* UserDefaultsRepositoryViewModel.swift in Sources */,
				1242A30C2B0B8EAD0033BD09 /* FooterView.swift in Sources */,
				1242A2EC2B0B6AE60033BD09 /* Strings.swift in Sources */,
				1242A2EB2B0B6AE60033BD09 /* Assets.swift in Sources */,
				1242A30A2B0B8C5F0033BD09 /* InputLiveView.swift in Sources */,
				1242A2FE2B0B6EA40033BD09 /* DateFormatManager.swift in Sources */,
				1242A2F72B0B6E200033BD09 /* LiveScheduleListView.swift in Sources */,
				1242A2FA2B0B6E710033BD09 /* ImageFileManager.swift in Sources */,
				1242A2FC2B0B6E910033BD09 /* ExCollection.swift in Sources */,
				1242A30E2B0B912C0033BD09 /* ArtistGridListView.swift in Sources */,
				1242A2F32B0B6CBA0033BD09 /* RealmRepository.swift in Sources */,
				1242A3042B0B75B20033BD09 /* DetailLiveView.swift in Sources */,
				1242A2CB2B0B66EC0033BD09 /* AliveApp.swift in Sources */,
				1242A2F52B0B6D660033BD09 /* RealmRepositoryViewModel.swift in Sources */,
				1242A2F12B0B6B900033BD09 /* Live.swift in Sources */,
				1242A3062B0B7CE40033BD09 /* DeviceSizeManager.swift in Sources */,
				1242A3082B0B7E130033BD09 /* HeaderView.swift in Sources */,
			);
			runOnlyForDeploymentPostprocessing = 0;
		};
/* End PBXSourcesBuildPhase section */

/* Begin PBXVariantGroup section */
		1242A2E52B0B6A8D0033BD09 /* Localizable.strings */ = {
			isa = PBXVariantGroup;
			children = (
				1242A2E42B0B6A8D0033BD09 /* en */,
				1242A2E62B0B6AA20033BD09 /* ja */,
			);
			name = Localizable.strings;
			sourceTree = "<group>";
		};
/* End PBXVariantGroup section */

/* Begin XCBuildConfiguration section */
		1242A2D32B0B66EE0033BD09 /* Debug */ = {
			isa = XCBuildConfiguration;
			buildSettings = {
				ALWAYS_SEARCH_USER_PATHS = NO;
				ASSETCATALOG_COMPILER_GENERATE_SWIFT_ASSET_SYMBOL_EXTENSIONS = YES;
				CLANG_ANALYZER_LOCALIZABILITY_NONLOCALIZED = YES;
				CLANG_ANALYZER_NONNULL = YES;
				CLANG_ANALYZER_NUMBER_OBJECT_CONVERSION = YES_AGGRESSIVE;
				CLANG_CXX_LANGUAGE_STANDARD = "gnu++20";
				CLANG_ENABLE_MODULES = YES;
				CLANG_ENABLE_OBJC_ARC = YES;
				CLANG_ENABLE_OBJC_WEAK = YES;
				CLANG_WARN_BLOCK_CAPTURE_AUTORELEASING = YES;
				CLANG_WARN_BOOL_CONVERSION = YES;
				CLANG_WARN_COMMA = YES;
				CLANG_WARN_CONSTANT_CONVERSION = YES;
				CLANG_WARN_DEPRECATED_OBJC_IMPLEMENTATIONS = YES;
				CLANG_WARN_DIRECT_OBJC_ISA_USAGE = YES_ERROR;
				CLANG_WARN_DOCUMENTATION_COMMENTS = YES;
				CLANG_WARN_EMPTY_BODY = YES;
				CLANG_WARN_ENUM_CONVERSION = YES;
				CLANG_WARN_INFINITE_RECURSION = YES;
				CLANG_WARN_INT_CONVERSION = YES;
				CLANG_WARN_NON_LITERAL_NULL_CONVERSION = YES;
				CLANG_WARN_OBJC_IMPLICIT_RETAIN_SELF = YES;
				CLANG_WARN_OBJC_LITERAL_CONVERSION = YES;
				CLANG_WARN_OBJC_ROOT_CLASS = YES_ERROR;
				CLANG_WARN_QUOTED_INCLUDE_IN_FRAMEWORK_HEADER = YES;
				CLANG_WARN_RANGE_LOOP_ANALYSIS = YES;
				CLANG_WARN_STRICT_PROTOTYPES = YES;
				CLANG_WARN_SUSPICIOUS_MOVE = YES;
				CLANG_WARN_UNGUARDED_AVAILABILITY = YES_AGGRESSIVE;
				CLANG_WARN_UNREACHABLE_CODE = YES;
				CLANG_WARN__DUPLICATE_METHOD_MATCH = YES;
				COPY_PHASE_STRIP = NO;
				DEBUG_INFORMATION_FORMAT = dwarf;
				ENABLE_STRICT_OBJC_MSGSEND = YES;
				ENABLE_TESTABILITY = YES;
				ENABLE_USER_SCRIPT_SANDBOXING = YES;
				GCC_C_LANGUAGE_STANDARD = gnu17;
				GCC_DYNAMIC_NO_PIC = NO;
				GCC_NO_COMMON_BLOCKS = YES;
				GCC_OPTIMIZATION_LEVEL = 0;
				GCC_PREPROCESSOR_DEFINITIONS = (
					"DEBUG=1",
					"$(inherited)",
				);
				GCC_WARN_64_TO_32_BIT_CONVERSION = YES;
				GCC_WARN_ABOUT_RETURN_TYPE = YES_ERROR;
				GCC_WARN_UNDECLARED_SELECTOR = YES;
				GCC_WARN_UNINITIALIZED_AUTOS = YES_AGGRESSIVE;
				GCC_WARN_UNUSED_FUNCTION = YES;
				GCC_WARN_UNUSED_VARIABLE = YES;
				IPHONEOS_DEPLOYMENT_TARGET = 17.0;
				LOCALIZATION_PREFERS_STRING_CATALOGS = YES;
				MTL_ENABLE_DEBUG_INFO = INCLUDE_SOURCE;
				MTL_FAST_MATH = YES;
				ONLY_ACTIVE_ARCH = YES;
				SDKROOT = iphoneos;
				SWIFT_ACTIVE_COMPILATION_CONDITIONS = "DEBUG $(inherited)";
				SWIFT_OPTIMIZATION_LEVEL = "-Onone";
			};
			name = Debug;
		};
		1242A2D42B0B66EE0033BD09 /* Release */ = {
			isa = XCBuildConfiguration;
			buildSettings = {
				ALWAYS_SEARCH_USER_PATHS = NO;
				ASSETCATALOG_COMPILER_GENERATE_SWIFT_ASSET_SYMBOL_EXTENSIONS = YES;
				CLANG_ANALYZER_LOCALIZABILITY_NONLOCALIZED = YES;
				CLANG_ANALYZER_NONNULL = YES;
				CLANG_ANALYZER_NUMBER_OBJECT_CONVERSION = YES_AGGRESSIVE;
				CLANG_CXX_LANGUAGE_STANDARD = "gnu++20";
				CLANG_ENABLE_MODULES = YES;
				CLANG_ENABLE_OBJC_ARC = YES;
				CLANG_ENABLE_OBJC_WEAK = YES;
				CLANG_WARN_BLOCK_CAPTURE_AUTORELEASING = YES;
				CLANG_WARN_BOOL_CONVERSION = YES;
				CLANG_WARN_COMMA = YES;
				CLANG_WARN_CONSTANT_CONVERSION = YES;
				CLANG_WARN_DEPRECATED_OBJC_IMPLEMENTATIONS = YES;
				CLANG_WARN_DIRECT_OBJC_ISA_USAGE = YES_ERROR;
				CLANG_WARN_DOCUMENTATION_COMMENTS = YES;
				CLANG_WARN_EMPTY_BODY = YES;
				CLANG_WARN_ENUM_CONVERSION = YES;
				CLANG_WARN_INFINITE_RECURSION = YES;
				CLANG_WARN_INT_CONVERSION = YES;
				CLANG_WARN_NON_LITERAL_NULL_CONVERSION = YES;
				CLANG_WARN_OBJC_IMPLICIT_RETAIN_SELF = YES;
				CLANG_WARN_OBJC_LITERAL_CONVERSION = YES;
				CLANG_WARN_OBJC_ROOT_CLASS = YES_ERROR;
				CLANG_WARN_QUOTED_INCLUDE_IN_FRAMEWORK_HEADER = YES;
				CLANG_WARN_RANGE_LOOP_ANALYSIS = YES;
				CLANG_WARN_STRICT_PROTOTYPES = YES;
				CLANG_WARN_SUSPICIOUS_MOVE = YES;
				CLANG_WARN_UNGUARDED_AVAILABILITY = YES_AGGRESSIVE;
				CLANG_WARN_UNREACHABLE_CODE = YES;
				CLANG_WARN__DUPLICATE_METHOD_MATCH = YES;
				COPY_PHASE_STRIP = NO;
				DEBUG_INFORMATION_FORMAT = "dwarf-with-dsym";
				ENABLE_NS_ASSERTIONS = NO;
				ENABLE_STRICT_OBJC_MSGSEND = YES;
				ENABLE_USER_SCRIPT_SANDBOXING = YES;
				GCC_C_LANGUAGE_STANDARD = gnu17;
				GCC_NO_COMMON_BLOCKS = YES;
				GCC_WARN_64_TO_32_BIT_CONVERSION = YES;
				GCC_WARN_ABOUT_RETURN_TYPE = YES_ERROR;
				GCC_WARN_UNDECLARED_SELECTOR = YES;
				GCC_WARN_UNINITIALIZED_AUTOS = YES_AGGRESSIVE;
				GCC_WARN_UNUSED_FUNCTION = YES;
				GCC_WARN_UNUSED_VARIABLE = YES;
				IPHONEOS_DEPLOYMENT_TARGET = 17.0;
				LOCALIZATION_PREFERS_STRING_CATALOGS = YES;
				MTL_ENABLE_DEBUG_INFO = NO;
				MTL_FAST_MATH = YES;
				SDKROOT = iphoneos;
				SWIFT_COMPILATION_MODE = wholemodule;
				VALIDATE_PRODUCT = YES;
			};
			name = Release;
		};
		1242A2D62B0B66EE0033BD09 /* Debug */ = {
			isa = XCBuildConfiguration;
			baseConfigurationReference = 0AFA982D3E503272A6A1DBB4 /* Pods-Alive.debug.xcconfig */;
			buildSettings = {
				ASSETCATALOG_COMPILER_APPICON_NAME = AppIcon;
				ASSETCATALOG_COMPILER_GLOBAL_ACCENT_COLOR_NAME = AccentColor;
				CODE_SIGN_STYLE = Automatic;
				CURRENT_PROJECT_VERSION = 1;
				DEVELOPMENT_ASSET_PATHS = "\"Alive/Preview Content\"";
				DEVELOPMENT_TEAM = CGD79LB65H;
				ENABLE_PREVIEWS = YES;
				ENABLE_USER_SCRIPT_SANDBOXING = NO;
				GENERATE_INFOPLIST_FILE = YES;
				INFOPLIST_FILE = Alive/Info.plist;
				INFOPLIST_KEY_UIApplicationSceneManifest_Generation = YES;
				INFOPLIST_KEY_UIApplicationSupportsIndirectInputEvents = YES;
				INFOPLIST_KEY_UILaunchScreen_Generation = YES;
				INFOPLIST_KEY_UISupportedInterfaceOrientations_iPad = "UIInterfaceOrientationPortrait UIInterfaceOrientationPortraitUpsideDown UIInterfaceOrientationLandscapeLeft UIInterfaceOrientationLandscapeRight";
				INFOPLIST_KEY_UISupportedInterfaceOrientations_iPhone = "UIInterfaceOrientationPortrait UIInterfaceOrientationLandscapeLeft UIInterfaceOrientationLandscapeRight";
				IPHONEOS_DEPLOYMENT_TARGET = 16.0;
				LD_RUNPATH_SEARCH_PATHS = (
					"$(inherited)",
					"@executable_path/Frameworks",
				);
				MARKETING_VERSION = 1.0;
				PRODUCT_BUNDLE_IDENTIFIER = com.ame.Alive;
				PRODUCT_NAME = "$(TARGET_NAME)";
				SUPPORTED_PLATFORMS = "iphoneos iphonesimulator";
				SUPPORTS_MACCATALYST = NO;
				SWIFT_EMIT_LOC_STRINGS = YES;
				SWIFT_VERSION = 5.0;
				TARGETED_DEVICE_FAMILY = 1;
			};
			name = Debug;
		};
		1242A2D72B0B66EE0033BD09 /* Release */ = {
			isa = XCBuildConfiguration;
			baseConfigurationReference = 514A17A386FF4D5734F351A6 /* Pods-Alive.release.xcconfig */;
			buildSettings = {
				ASSETCATALOG_COMPILER_APPICON_NAME = AppIcon;
				ASSETCATALOG_COMPILER_GLOBAL_ACCENT_COLOR_NAME = AccentColor;
				CODE_SIGN_STYLE = Automatic;
				CURRENT_PROJECT_VERSION = 1;
				DEVELOPMENT_ASSET_PATHS = "\"Alive/Preview Content\"";
				DEVELOPMENT_TEAM = CGD79LB65H;
				ENABLE_PREVIEWS = YES;
				ENABLE_USER_SCRIPT_SANDBOXING = NO;
				GENERATE_INFOPLIST_FILE = YES;
				INFOPLIST_FILE = Alive/Info.plist;
				INFOPLIST_KEY_UIApplicationSceneManifest_Generation = YES;
				INFOPLIST_KEY_UIApplicationSupportsIndirectInputEvents = YES;
				INFOPLIST_KEY_UILaunchScreen_Generation = YES;
				INFOPLIST_KEY_UISupportedInterfaceOrientations_iPad = "UIInterfaceOrientationPortrait UIInterfaceOrientationPortraitUpsideDown UIInterfaceOrientationLandscapeLeft UIInterfaceOrientationLandscapeRight";
				INFOPLIST_KEY_UISupportedInterfaceOrientations_iPhone = "UIInterfaceOrientationPortrait UIInterfaceOrientationLandscapeLeft UIInterfaceOrientationLandscapeRight";
				IPHONEOS_DEPLOYMENT_TARGET = 16.0;
				LD_RUNPATH_SEARCH_PATHS = (
					"$(inherited)",
					"@executable_path/Frameworks",
				);
				MARKETING_VERSION = 1.0;
				PRODUCT_BUNDLE_IDENTIFIER = com.ame.Alive;
				PRODUCT_NAME = "$(TARGET_NAME)";
				SUPPORTED_PLATFORMS = "iphoneos iphonesimulator";
				SUPPORTS_MACCATALYST = NO;
				SWIFT_EMIT_LOC_STRINGS = YES;
				SWIFT_VERSION = 5.0;
				TARGETED_DEVICE_FAMILY = 1;
			};
			name = Release;
		};
/* End XCBuildConfiguration section */

/* Begin XCConfigurationList section */
		1242A2C22B0B66EC0033BD09 /* Build configuration list for PBXProject "Alive" */ = {
			isa = XCConfigurationList;
			buildConfigurations = (
				1242A2D32B0B66EE0033BD09 /* Debug */,
				1242A2D42B0B66EE0033BD09 /* Release */,
			);
			defaultConfigurationIsVisible = 0;
			defaultConfigurationName = Release;
		};
		1242A2D52B0B66EE0033BD09 /* Build configuration list for PBXNativeTarget "Alive" */ = {
			isa = XCConfigurationList;
			buildConfigurations = (
				1242A2D62B0B66EE0033BD09 /* Debug */,
				1242A2D72B0B66EE0033BD09 /* Release */,
			);
			defaultConfigurationIsVisible = 0;
			defaultConfigurationName = Release;
		};
/* End XCConfigurationList section */
	};
	rootObject = 1242A2BF2B0B66EC0033BD09 /* Project object */;
}
