// !$*UTF8*$!
{
	archiveVersion = 1;
	classes = {
	};
	objectVersion = 56;
	objects = {

/* Begin PBXBuildFile section */
		1232EB1D2B1440710072480C /* Onboarding1View.swift in Sources */ = {isa = PBXBuildFile; fileRef = 1232EB1C2B1440710072480C /* Onboarding1View.swift */; };
		1232EB1F2B14409E0072480C /* Onboarding2View.swift in Sources */ = {isa = PBXBuildFile; fileRef = 1232EB1E2B14409E0072480C /* Onboarding2View.swift */; };
		1232EB212B1440A70072480C /* Onboarding3View.swift in Sources */ = {isa = PBXBuildFile; fileRef = 1232EB202B1440A70072480C /* Onboarding3View.swift */; };
		1232EB232B1440E30072480C /* SplashView.swift in Sources */ = {isa = PBXBuildFile; fileRef = 1232EB222B1440E30072480C /* SplashView.swift */; };
		1242A2CB2B0B66EC0033BD09 /* AliveApp.swift in Sources */ = {isa = PBXBuildFile; fileRef = 1242A2CA2B0B66EC0033BD09 /* AliveApp.swift */; };
		1242A2CF2B0B66EE0033BD09 /* Images.xcassets in Resources */ = {isa = PBXBuildFile; fileRef = 1242A2CE2B0B66EE0033BD09 /* Images.xcassets */; };
		1242A2D22B0B66EE0033BD09 /* Preview Assets.xcassets in Resources */ = {isa = PBXBuildFile; fileRef = 1242A2D12B0B66EE0033BD09 /* Preview Assets.xcassets */; };
		1242A2D92B0B69740033BD09 /* GoogleService-Info.plist in Resources */ = {isa = PBXBuildFile; fileRef = 1242A2D82B0B69740033BD09 /* GoogleService-Info.plist */; };
		1242A2DE2B0B6A180033BD09 /* AdMobView.swift in Sources */ = {isa = PBXBuildFile; fileRef = 1242A2DD2B0B6A180033BD09 /* AdMobView.swift */; };
		1242A2E32B0B6A8D0033BD09 /* Localizable.strings in Resources */ = {isa = PBXBuildFile; fileRef = 1242A2E52B0B6A8D0033BD09 /* Localizable.strings */; };
		1242A2E82B0B6AC10033BD09 /* Colors.xcassets in Resources */ = {isa = PBXBuildFile; fileRef = 1242A2E72B0B6AC10033BD09 /* Colors.xcassets */; };
		1242A2EB2B0B6AE60033BD09 /* Assets.swift in Sources */ = {isa = PBXBuildFile; fileRef = 1242A2E92B0B6AE60033BD09 /* Assets.swift */; };
		1242A2EC2B0B6AE60033BD09 /* Strings.swift in Sources */ = {isa = PBXBuildFile; fileRef = 1242A2EA2B0B6AE60033BD09 /* Strings.swift */; };
		1242A2F12B0B6B900033BD09 /* Live.swift in Sources */ = {isa = PBXBuildFile; fileRef = 1242A2F02B0B6B900033BD09 /* Live.swift */; };
		1242A2F32B0B6CBA0033BD09 /* RealmRepository.swift in Sources */ = {isa = PBXBuildFile; fileRef = 1242A2F22B0B6CBA0033BD09 /* RealmRepository.swift */; };
		1242A2F52B0B6D660033BD09 /* RealmRepositoryViewModel.swift in Sources */ = {isa = PBXBuildFile; fileRef = 1242A2F42B0B6D660033BD09 /* RealmRepositoryViewModel.swift */; };
		1242A2F72B0B6E200033BD09 /* LiveScheduleListView.swift in Sources */ = {isa = PBXBuildFile; fileRef = 1242A2F62B0B6E200033BD09 /* LiveScheduleListView.swift */; };
		1242A2FA2B0B6E710033BD09 /* ImageFileManager.swift in Sources */ = {isa = PBXBuildFile; fileRef = 1242A2F92B0B6E710033BD09 /* ImageFileManager.swift */; };
		1242A2FC2B0B6E910033BD09 /* ExCollection.swift in Sources */ = {isa = PBXBuildFile; fileRef = 1242A2FB2B0B6E910033BD09 /* ExCollection.swift */; };
		1242A2FE2B0B6EA40033BD09 /* DateFormatManager.swift in Sources */ = {isa = PBXBuildFile; fileRef = 1242A2FD2B0B6EA40033BD09 /* DateFormatManager.swift */; };
		1242A3002B0B6F060033BD09 /* UserDefaultsRepository.swift in Sources */ = {isa = PBXBuildFile; fileRef = 1242A2FF2B0B6F060033BD09 /* UserDefaultsRepository.swift */; };
		1242A3022B0B6F380033BD09 /* UserDefaultsRepositoryViewModel.swift in Sources */ = {isa = PBXBuildFile; fileRef = 1242A3012B0B6F380033BD09 /* UserDefaultsRepositoryViewModel.swift */; };
		1242A3042B0B75B20033BD09 /* DetailLiveView.swift in Sources */ = {isa = PBXBuildFile; fileRef = 1242A3032B0B75B20033BD09 /* DetailLiveView.swift */; };
		1242A3062B0B7CE40033BD09 /* DeviceSizeManager.swift in Sources */ = {isa = PBXBuildFile; fileRef = 1242A3052B0B7CE40033BD09 /* DeviceSizeManager.swift */; };
		1242A3082B0B7E130033BD09 /* HeaderView.swift in Sources */ = {isa = PBXBuildFile; fileRef = 1242A3072B0B7E130033BD09 /* HeaderView.swift */; };
		1242A30A2B0B8C5F0033BD09 /* InputLiveView.swift in Sources */ = {isa = PBXBuildFile; fileRef = 1242A3092B0B8C5F0033BD09 /* InputLiveView.swift */; };
		1242A30C2B0B8EAD0033BD09 /* FooterView.swift in Sources */ = {isa = PBXBuildFile; fileRef = 1242A30B2B0B8EAD0033BD09 /* FooterView.swift */; };
		1242A30E2B0B912C0033BD09 /* ArtistCountChartView.swift in Sources */ = {isa = PBXBuildFile; fileRef = 1242A30D2B0B912C0033BD09 /* ArtistCountChartView.swift */; };
		1242A3102B0BA96D0033BD09 /* LiveType.swift in Sources */ = {isa = PBXBuildFile; fileRef = 1242A30F2B0BA96D0033BD09 /* LiveType.swift */; };
		1242A3122B0C62FC0033BD09 /* TimeTable.swift in Sources */ = {isa = PBXBuildFile; fileRef = 1242A3112B0C62FC0033BD09 /* TimeTable.swift */; };
		1242A3152B0C6A9C0033BD09 /* ImagePickerDialog.swift in Sources */ = {isa = PBXBuildFile; fileRef = 1242A3142B0C6A9C0033BD09 /* ImagePickerDialog.swift */; };
		1242A3172B0CBD970033BD09 /* LiveImageView.swift in Sources */ = {isa = PBXBuildFile; fileRef = 1242A3162B0CBD970033BD09 /* LiveImageView.swift */; };
		126341D92B11FBBC001B8E51 /* AdsConfig.swift in Sources */ = {isa = PBXBuildFile; fileRef = 126341D82B11FBBC001B8E51 /* AdsConfig.swift */; };
		126341DB2B120076001B8E51 /* MainView.swift in Sources */ = {isa = PBXBuildFile; fileRef = 126341DA2B120076001B8E51 /* MainView.swift */; };
		126341DF2B1210CF001B8E51 /* AllLiveListView.swift in Sources */ = {isa = PBXBuildFile; fileRef = 126341DE2B1210CF001B8E51 /* AllLiveListView.swift */; };
		126341FD2B122D16001B8E51 /* ArtistPieChartView.swift in Sources */ = {isa = PBXBuildFile; fileRef = 126341FC2B122D16001B8E51 /* ArtistPieChartView.swift */; };
		126342002B12D6B3001B8E51 /* ArtistBarChartView.swift in Sources */ = {isa = PBXBuildFile; fileRef = 126341FF2B12D6B3001B8E51 /* ArtistBarChartView.swift */; };
		1269A1B42B2423CE00D7F415 /* SessionError.swift in Sources */ = {isa = PBXBuildFile; fileRef = 1269A1B32B2423CE00D7F415 /* SessionError.swift */; };
		1269A1B52B24251300D7F415 /* SessionError.swift in Sources */ = {isa = PBXBuildFile; fileRef = 1269A1B32B2423CE00D7F415 /* SessionError.swift */; };
		126C6EDB2B14DBA90008A1E7 /* CustomInputView.swift in Sources */ = {isa = PBXBuildFile; fileRef = 126C6EDA2B14DBA90008A1E7 /* CustomInputView.swift */; };
		126C6EDD2B14DBD00008A1E7 /* TimePicker.swift in Sources */ = {isa = PBXBuildFile; fileRef = 126C6EDC2B14DBD00008A1E7 /* TimePicker.swift */; };
		126C6EDF2B1569790008A1E7 /* ShareInfoManager.swift in Sources */ = {isa = PBXBuildFile; fileRef = 126C6EDE2B1569790008A1E7 /* ShareInfoManager.swift */; };
		128C3E692B0F889600CB9A3D /* InputTimeTableView.swift in Sources */ = {isa = PBXBuildFile; fileRef = 128C3E682B0F889600CB9A3D /* InputTimeTableView.swift */; };
		128C3E6B2B10480700CB9A3D /* CardLiveView.swift in Sources */ = {isa = PBXBuildFile; fileRef = 128C3E6A2B10480700CB9A3D /* CardLiveView.swift */; };
		128C3E6D2B104ABD00CB9A3D /* MonthAndDayView.swift in Sources */ = {isa = PBXBuildFile; fileRef = 128C3E6C2B104ABD00CB9A3D /* MonthAndDayView.swift */; };
		128C3E6F2B10BC6B00CB9A3D /* RootView.swift in Sources */ = {isa = PBXBuildFile; fileRef = 128C3E6E2B10BC6B00CB9A3D /* RootView.swift */; };
		128C3E752B10E29C00CB9A3D /* SettingView.swift in Sources */ = {isa = PBXBuildFile; fileRef = 128C3E742B10E29C00CB9A3D /* SettingView.swift */; };
		128C3E772B10E3C200CB9A3D /* SettingViewModel.swift in Sources */ = {isa = PBXBuildFile; fileRef = 128C3E762B10E3C200CB9A3D /* SettingViewModel.swift */; };
		128C3E792B1162FB00CB9A3D /* RewardButtonView.swift in Sources */ = {isa = PBXBuildFile; fileRef = 128C3E782B1162FB00CB9A3D /* RewardButtonView.swift */; };
		12A2216F2B156F3200C5165D /* ShareLiveInfoView.swift in Sources */ = {isa = PBXBuildFile; fileRef = 12A2216E2B156F3200C5165D /* ShareLiveInfoView.swift */; };
		12A221712B15A66600C5165D /* ShareLiveInfoViewModel.swift in Sources */ = {isa = PBXBuildFile; fileRef = 12A221702B15A66600C5165D /* ShareLiveInfoViewModel.swift */; };
		12A95D4C2B1AF08B00AC2591 /* SessionManager.swift in Sources */ = {isa = PBXBuildFile; fileRef = 12A95D4B2B1AF08B00AC2591 /* SessionManager.swift */; };
		12A95D4D2B1AF24000AC2591 /* Live.swift in Sources */ = {isa = PBXBuildFile; fileRef = 1242A2F02B0B6B900033BD09 /* Live.swift */; };
		12A95D4E2B1AF24200AC2591 /* LiveType.swift in Sources */ = {isa = PBXBuildFile; fileRef = 1242A30F2B0BA96D0033BD09 /* LiveType.swift */; };
		12A95D4F2B1AF24400AC2591 /* TimeTable.swift in Sources */ = {isa = PBXBuildFile; fileRef = 1242A3112B0C62FC0033BD09 /* TimeTable.swift */; };
		12E9DE342B1D88F500AD8223 /* Assets.swift in Sources */ = {isa = PBXBuildFile; fileRef = 1242A2E92B0B6AE60033BD09 /* Assets.swift */; };
		12E9DE352B1D88F800AD8223 /* Strings.swift in Sources */ = {isa = PBXBuildFile; fileRef = 1242A2EA2B0B6AE60033BD09 /* Strings.swift */; };
		12E9DE362B1D890800AD8223 /* DateFormatManager.swift in Sources */ = {isa = PBXBuildFile; fileRef = 1242A2FD2B0B6EA40033BD09 /* DateFormatManager.swift */; };
		12E9DE372B1D898300AD8223 /* Colors.xcassets in Resources */ = {isa = PBXBuildFile; fileRef = 1242A2E72B0B6AC10033BD09 /* Colors.xcassets */; };
		12E9DE382B1D898500AD8223 /* Images.xcassets in Resources */ = {isa = PBXBuildFile; fileRef = 1242A2CE2B0B66EE0033BD09 /* Images.xcassets */; };
		12E9DE3B2B21884500AD8223 /* WatchHeaderKey.swift in Sources */ = {isa = PBXBuildFile; fileRef = 12E9DE3A2B21884500AD8223 /* WatchHeaderKey.swift */; };
		12E9DE3C2B21888700AD8223 /* WatchHeaderKey.swift in Sources */ = {isa = PBXBuildFile; fileRef = 12E9DE3A2B21884500AD8223 /* WatchHeaderKey.swift */; };
		12E9DE422B22044A00AD8223 /* ConnectError.swift in Sources */ = {isa = PBXBuildFile; fileRef = 12E9DE412B22044A00AD8223 /* ConnectError.swift */; };
		12E9DE442B22C6A200AD8223 /* RepositoryViewModel.swift in Sources */ = {isa = PBXBuildFile; fileRef = 12E9DE432B22C6A200AD8223 /* RepositoryViewModel.swift */; };
		12E9DE472B22C75200AD8223 /* RealmRepository.swift in Sources */ = {isa = PBXBuildFile; fileRef = 12E9DE462B22C75200AD8223 /* RealmRepository.swift */; };
		12E9DE502B22CA5400AD8223 /* ConnectError.swift in Sources */ = {isa = PBXBuildFile; fileRef = 12E9DE412B22044A00AD8223 /* ConnectError.swift */; };
		12E9DE522B22CCC100AD8223 /* CardLiveView.swift in Sources */ = {isa = PBXBuildFile; fileRef = 12E9DE512B22CCC100AD8223 /* CardLiveView.swift */; };
		12E9DE532B22CD1700AD8223 /* MonthAndDayView.swift in Sources */ = {isa = PBXBuildFile; fileRef = 128C3E6C2B104ABD00CB9A3D /* MonthAndDayView.swift */; };
		12E9DE552B22CFFE00AD8223 /* RootView.swift in Sources */ = {isa = PBXBuildFile; fileRef = 12E9DE542B22CFFE00AD8223 /* RootView.swift */; };
		12E9DE572B22D09A00AD8223 /* RootEnvironment.swift in Sources */ = {isa = PBXBuildFile; fileRef = 12E9DE562B22D09A00AD8223 /* RootEnvironment.swift */; };
		12E9DE592B22D2D400AD8223 /* CustomDialog.swift in Sources */ = {isa = PBXBuildFile; fileRef = 12E9DE582B22D2D400AD8223 /* CustomDialog.swift */; };
		12E9DE5B2B22F57E00AD8223 /* DeviceSizeManager.swift in Sources */ = {isa = PBXBuildFile; fileRef = 12E9DE5A2B22F57E00AD8223 /* DeviceSizeManager.swift */; };
		12F909E92B18C29500DDF4D1 /* ImageError.swift in Sources */ = {isa = PBXBuildFile; fileRef = 12F909E82B18C29500DDF4D1 /* ImageError.swift */; };
		12F909F12B18CB6200DDF4D1 /* AliveWatchApp.swift in Sources */ = {isa = PBXBuildFile; fileRef = 12F909F02B18CB6200DDF4D1 /* AliveWatchApp.swift */; };
		12F909F32B18CB6200DDF4D1 /* ContentView.swift in Sources */ = {isa = PBXBuildFile; fileRef = 12F909F22B18CB6200DDF4D1 /* ContentView.swift */; };
		12F909F52B18CB6400DDF4D1 /* Assets.xcassets in Resources */ = {isa = PBXBuildFile; fileRef = 12F909F42B18CB6400DDF4D1 /* Assets.xcassets */; };
		12F909F82B18CB6400DDF4D1 /* Preview Assets.xcassets in Resources */ = {isa = PBXBuildFile; fileRef = 12F909F72B18CB6400DDF4D1 /* Preview Assets.xcassets */; };
		12F909FB2B18CB6400DDF4D1 /* AliveWatch Watch App.app in Embed Watch Content */ = {isa = PBXBuildFile; fileRef = 12F909EE2B18CB6200DDF4D1 /* AliveWatch Watch App.app */; settings = {ATTRIBUTES = (RemoveHeadersOnCopy, ); }; };
		12F90A012B18CB8B00DDF4D1 /* WatchConnectViewModel.swift in Sources */ = {isa = PBXBuildFile; fileRef = 12F90A002B18CB8B00DDF4D1 /* WatchConnectViewModel.swift */; };
		3F7636776BFE4A61BC175C92 /* Pods_Alive.framework in Frameworks */ = {isa = PBXBuildFile; fileRef = 50CBE1B59773CF5328B9A8D8 /* Pods_Alive.framework */; };
		5E9FEC1662873E5B4D40414C /* Pods_AliveWatch_Watch_App.framework in Frameworks */ = {isa = PBXBuildFile; fileRef = E79343CB9FAA916E10CD9C75 /* Pods_AliveWatch_Watch_App.framework */; };
/* End PBXBuildFile section */

/* Begin PBXContainerItemProxy section */
		12F909F92B18CB6400DDF4D1 /* PBXContainerItemProxy */ = {
			isa = PBXContainerItemProxy;
			containerPortal = 1242A2BF2B0B66EC0033BD09 /* Project object */;
			proxyType = 1;
			remoteGlobalIDString = 12F909ED2B18CB6200DDF4D1;
			remoteInfo = "AliveWatch Watch App";
		};
/* End PBXContainerItemProxy section */

/* Begin PBXCopyFilesBuildPhase section */
		12F909FF2B18CB6400DDF4D1 /* Embed Watch Content */ = {
			isa = PBXCopyFilesBuildPhase;
			buildActionMask = 2147483647;
			dstPath = "$(CONTENTS_FOLDER_PATH)/Watch";
			dstSubfolderSpec = 16;
			files = (
				12F909FB2B18CB6400DDF4D1 /* AliveWatch Watch App.app in Embed Watch Content */,
			);
			name = "Embed Watch Content";
			runOnlyForDeploymentPostprocessing = 0;
		};
/* End PBXCopyFilesBuildPhase section */

/* Begin PBXFileReference section */
		0AFA982D3E503272A6A1DBB4 /* Pods-Alive.debug.xcconfig */ = {isa = PBXFileReference; includeInIndex = 1; lastKnownFileType = text.xcconfig; name = "Pods-Alive.debug.xcconfig"; path = "Target Support Files/Pods-Alive/Pods-Alive.debug.xcconfig"; sourceTree = "<group>"; };
		1232EB1C2B1440710072480C /* Onboarding1View.swift */ = {isa = PBXFileReference; lastKnownFileType = sourcecode.swift; path = Onboarding1View.swift; sourceTree = "<group>"; };
		1232EB1E2B14409E0072480C /* Onboarding2View.swift */ = {isa = PBXFileReference; lastKnownFileType = sourcecode.swift; path = Onboarding2View.swift; sourceTree = "<group>"; };
		1232EB202B1440A70072480C /* Onboarding3View.swift */ = {isa = PBXFileReference; lastKnownFileType = sourcecode.swift; path = Onboarding3View.swift; sourceTree = "<group>"; };
		1232EB222B1440E30072480C /* SplashView.swift */ = {isa = PBXFileReference; lastKnownFileType = sourcecode.swift; path = SplashView.swift; sourceTree = "<group>"; };
		1242A2C72B0B66EC0033BD09 /* Alive.app */ = {isa = PBXFileReference; explicitFileType = wrapper.application; includeInIndex = 0; path = Alive.app; sourceTree = BUILT_PRODUCTS_DIR; };
		1242A2CA2B0B66EC0033BD09 /* AliveApp.swift */ = {isa = PBXFileReference; lastKnownFileType = sourcecode.swift; path = AliveApp.swift; sourceTree = "<group>"; };
		1242A2CE2B0B66EE0033BD09 /* Images.xcassets */ = {isa = PBXFileReference; lastKnownFileType = folder.assetcatalog; path = Images.xcassets; sourceTree = "<group>"; };
		1242A2D12B0B66EE0033BD09 /* Preview Assets.xcassets */ = {isa = PBXFileReference; lastKnownFileType = folder.assetcatalog; path = "Preview Assets.xcassets"; sourceTree = "<group>"; };
		1242A2D82B0B69740033BD09 /* GoogleService-Info.plist */ = {isa = PBXFileReference; lastKnownFileType = text.plist; path = "GoogleService-Info.plist"; sourceTree = SOURCE_ROOT; };
		1242A2DA2B0B69B70033BD09 /* Info.plist */ = {isa = PBXFileReference; lastKnownFileType = text.plist; path = Info.plist; sourceTree = "<group>"; };
		1242A2DD2B0B6A180033BD09 /* AdMobView.swift */ = {isa = PBXFileReference; lastKnownFileType = sourcecode.swift; path = AdMobView.swift; sourceTree = "<group>"; };
		1242A2E42B0B6A8D0033BD09 /* en */ = {isa = PBXFileReference; lastKnownFileType = text.plist.strings; name = en; path = en.lproj/Localizable.strings; sourceTree = "<group>"; };
		1242A2E62B0B6AA20033BD09 /* ja */ = {isa = PBXFileReference; lastKnownFileType = text.plist.strings; name = ja; path = ja.lproj/Localizable.strings; sourceTree = "<group>"; };
		1242A2E72B0B6AC10033BD09 /* Colors.xcassets */ = {isa = PBXFileReference; lastKnownFileType = folder.assetcatalog; path = Colors.xcassets; sourceTree = "<group>"; };
		1242A2E92B0B6AE60033BD09 /* Assets.swift */ = {isa = PBXFileReference; fileEncoding = 4; lastKnownFileType = sourcecode.swift; path = Assets.swift; sourceTree = "<group>"; };
		1242A2EA2B0B6AE60033BD09 /* Strings.swift */ = {isa = PBXFileReference; fileEncoding = 4; lastKnownFileType = sourcecode.swift; path = Strings.swift; sourceTree = "<group>"; };
		1242A2F02B0B6B900033BD09 /* Live.swift */ = {isa = PBXFileReference; lastKnownFileType = sourcecode.swift; path = Live.swift; sourceTree = "<group>"; };
		1242A2F22B0B6CBA0033BD09 /* RealmRepository.swift */ = {isa = PBXFileReference; lastKnownFileType = sourcecode.swift; path = RealmRepository.swift; sourceTree = "<group>"; };
		1242A2F42B0B6D660033BD09 /* RealmRepositoryViewModel.swift */ = {isa = PBXFileReference; lastKnownFileType = sourcecode.swift; path = RealmRepositoryViewModel.swift; sourceTree = "<group>"; };
		1242A2F62B0B6E200033BD09 /* LiveScheduleListView.swift */ = {isa = PBXFileReference; lastKnownFileType = sourcecode.swift; path = LiveScheduleListView.swift; sourceTree = "<group>"; };
		1242A2F92B0B6E710033BD09 /* ImageFileManager.swift */ = {isa = PBXFileReference; lastKnownFileType = sourcecode.swift; path = ImageFileManager.swift; sourceTree = "<group>"; };
		1242A2FB2B0B6E910033BD09 /* ExCollection.swift */ = {isa = PBXFileReference; lastKnownFileType = sourcecode.swift; path = ExCollection.swift; sourceTree = "<group>"; };
		1242A2FD2B0B6EA40033BD09 /* DateFormatManager.swift */ = {isa = PBXFileReference; lastKnownFileType = sourcecode.swift; path = DateFormatManager.swift; sourceTree = "<group>"; };
		1242A2FF2B0B6F060033BD09 /* UserDefaultsRepository.swift */ = {isa = PBXFileReference; lastKnownFileType = sourcecode.swift; path = UserDefaultsRepository.swift; sourceTree = "<group>"; };
		1242A3012B0B6F380033BD09 /* UserDefaultsRepositoryViewModel.swift */ = {isa = PBXFileReference; lastKnownFileType = sourcecode.swift; path = UserDefaultsRepositoryViewModel.swift; sourceTree = "<group>"; };
		1242A3032B0B75B20033BD09 /* DetailLiveView.swift */ = {isa = PBXFileReference; lastKnownFileType = sourcecode.swift; path = DetailLiveView.swift; sourceTree = "<group>"; };
		1242A3052B0B7CE40033BD09 /* DeviceSizeManager.swift */ = {isa = PBXFileReference; lastKnownFileType = sourcecode.swift; path = DeviceSizeManager.swift; sourceTree = "<group>"; };
		1242A3072B0B7E130033BD09 /* HeaderView.swift */ = {isa = PBXFileReference; lastKnownFileType = sourcecode.swift; path = HeaderView.swift; sourceTree = "<group>"; };
		1242A3092B0B8C5F0033BD09 /* InputLiveView.swift */ = {isa = PBXFileReference; lastKnownFileType = sourcecode.swift; path = InputLiveView.swift; sourceTree = "<group>"; };
		1242A30B2B0B8EAD0033BD09 /* FooterView.swift */ = {isa = PBXFileReference; lastKnownFileType = sourcecode.swift; path = FooterView.swift; sourceTree = "<group>"; };
		1242A30D2B0B912C0033BD09 /* ArtistCountChartView.swift */ = {isa = PBXFileReference; lastKnownFileType = sourcecode.swift; path = ArtistCountChartView.swift; sourceTree = "<group>"; };
		1242A30F2B0BA96D0033BD09 /* LiveType.swift */ = {isa = PBXFileReference; lastKnownFileType = sourcecode.swift; path = LiveType.swift; sourceTree = "<group>"; };
		1242A3112B0C62FC0033BD09 /* TimeTable.swift */ = {isa = PBXFileReference; lastKnownFileType = sourcecode.swift; path = TimeTable.swift; sourceTree = "<group>"; };
		1242A3142B0C6A9C0033BD09 /* ImagePickerDialog.swift */ = {isa = PBXFileReference; lastKnownFileType = sourcecode.swift; path = ImagePickerDialog.swift; sourceTree = "<group>"; };
		1242A3162B0CBD970033BD09 /* LiveImageView.swift */ = {isa = PBXFileReference; lastKnownFileType = sourcecode.swift; path = LiveImageView.swift; sourceTree = "<group>"; };
		126341D82B11FBBC001B8E51 /* AdsConfig.swift */ = {isa = PBXFileReference; lastKnownFileType = sourcecode.swift; path = AdsConfig.swift; sourceTree = "<group>"; };
		126341DA2B120076001B8E51 /* MainView.swift */ = {isa = PBXFileReference; lastKnownFileType = sourcecode.swift; path = MainView.swift; sourceTree = "<group>"; };
		126341DE2B1210CF001B8E51 /* AllLiveListView.swift */ = {isa = PBXFileReference; lastKnownFileType = sourcecode.swift; path = AllLiveListView.swift; sourceTree = "<group>"; };
		126341FC2B122D16001B8E51 /* ArtistPieChartView.swift */ = {isa = PBXFileReference; lastKnownFileType = sourcecode.swift; path = ArtistPieChartView.swift; sourceTree = "<group>"; };
		126341FF2B12D6B3001B8E51 /* ArtistBarChartView.swift */ = {isa = PBXFileReference; lastKnownFileType = sourcecode.swift; path = ArtistBarChartView.swift; sourceTree = "<group>"; };
		1269A1B32B2423CE00D7F415 /* SessionError.swift */ = {isa = PBXFileReference; lastKnownFileType = sourcecode.swift; path = SessionError.swift; sourceTree = "<group>"; };
		126C6EDA2B14DBA90008A1E7 /* CustomInputView.swift */ = {isa = PBXFileReference; lastKnownFileType = sourcecode.swift; path = CustomInputView.swift; sourceTree = "<group>"; };
		126C6EDC2B14DBD00008A1E7 /* TimePicker.swift */ = {isa = PBXFileReference; lastKnownFileType = sourcecode.swift; path = TimePicker.swift; sourceTree = "<group>"; };
		126C6EDE2B1569790008A1E7 /* ShareInfoManager.swift */ = {isa = PBXFileReference; lastKnownFileType = sourcecode.swift; path = ShareInfoManager.swift; sourceTree = "<group>"; };
		128C3E682B0F889600CB9A3D /* InputTimeTableView.swift */ = {isa = PBXFileReference; lastKnownFileType = sourcecode.swift; path = InputTimeTableView.swift; sourceTree = "<group>"; };
		128C3E6A2B10480700CB9A3D /* CardLiveView.swift */ = {isa = PBXFileReference; lastKnownFileType = sourcecode.swift; path = CardLiveView.swift; sourceTree = "<group>"; };
		128C3E6C2B104ABD00CB9A3D /* MonthAndDayView.swift */ = {isa = PBXFileReference; lastKnownFileType = sourcecode.swift; path = MonthAndDayView.swift; sourceTree = "<group>"; };
		128C3E6E2B10BC6B00CB9A3D /* RootView.swift */ = {isa = PBXFileReference; lastKnownFileType = sourcecode.swift; path = RootView.swift; sourceTree = "<group>"; };
		128C3E742B10E29C00CB9A3D /* SettingView.swift */ = {isa = PBXFileReference; lastKnownFileType = sourcecode.swift; path = SettingView.swift; sourceTree = "<group>"; };
		128C3E762B10E3C200CB9A3D /* SettingViewModel.swift */ = {isa = PBXFileReference; lastKnownFileType = sourcecode.swift; path = SettingViewModel.swift; sourceTree = "<group>"; };
		128C3E782B1162FB00CB9A3D /* RewardButtonView.swift */ = {isa = PBXFileReference; lastKnownFileType = sourcecode.swift; path = RewardButtonView.swift; sourceTree = "<group>"; };
		12A2216E2B156F3200C5165D /* ShareLiveInfoView.swift */ = {isa = PBXFileReference; lastKnownFileType = sourcecode.swift; path = ShareLiveInfoView.swift; sourceTree = "<group>"; };
		12A221702B15A66600C5165D /* ShareLiveInfoViewModel.swift */ = {isa = PBXFileReference; lastKnownFileType = sourcecode.swift; path = ShareLiveInfoViewModel.swift; sourceTree = "<group>"; };
		12A95D4B2B1AF08B00AC2591 /* SessionManager.swift */ = {isa = PBXFileReference; lastKnownFileType = sourcecode.swift; path = SessionManager.swift; sourceTree = "<group>"; };
		12E9DE3A2B21884500AD8223 /* WatchHeaderKey.swift */ = {isa = PBXFileReference; lastKnownFileType = sourcecode.swift; path = WatchHeaderKey.swift; sourceTree = "<group>"; };
		12E9DE412B22044A00AD8223 /* ConnectError.swift */ = {isa = PBXFileReference; lastKnownFileType = sourcecode.swift; path = ConnectError.swift; sourceTree = "<group>"; };
		12E9DE432B22C6A200AD8223 /* RepositoryViewModel.swift */ = {isa = PBXFileReference; lastKnownFileType = sourcecode.swift; path = RepositoryViewModel.swift; sourceTree = "<group>"; };
		12E9DE462B22C75200AD8223 /* RealmRepository.swift */ = {isa = PBXFileReference; lastKnownFileType = sourcecode.swift; path = RealmRepository.swift; sourceTree = "<group>"; };
		12E9DE512B22CCC100AD8223 /* CardLiveView.swift */ = {isa = PBXFileReference; lastKnownFileType = sourcecode.swift; path = CardLiveView.swift; sourceTree = "<group>"; };
		12E9DE542B22CFFE00AD8223 /* RootView.swift */ = {isa = PBXFileReference; lastKnownFileType = sourcecode.swift; path = RootView.swift; sourceTree = "<group>"; };
		12E9DE562B22D09A00AD8223 /* RootEnvironment.swift */ = {isa = PBXFileReference; lastKnownFileType = sourcecode.swift; path = RootEnvironment.swift; sourceTree = "<group>"; };
		12E9DE582B22D2D400AD8223 /* CustomDialog.swift */ = {isa = PBXFileReference; lastKnownFileType = sourcecode.swift; path = CustomDialog.swift; sourceTree = "<group>"; };
		12E9DE5A2B22F57E00AD8223 /* DeviceSizeManager.swift */ = {isa = PBXFileReference; lastKnownFileType = sourcecode.swift; path = DeviceSizeManager.swift; sourceTree = "<group>"; };
		12F909E82B18C29500DDF4D1 /* ImageError.swift */ = {isa = PBXFileReference; lastKnownFileType = sourcecode.swift; path = ImageError.swift; sourceTree = "<group>"; };
		12F909EE2B18CB6200DDF4D1 /* AliveWatch Watch App.app */ = {isa = PBXFileReference; explicitFileType = wrapper.application; includeInIndex = 0; path = "AliveWatch Watch App.app"; sourceTree = BUILT_PRODUCTS_DIR; };
		12F909F02B18CB6200DDF4D1 /* AliveWatchApp.swift */ = {isa = PBXFileReference; lastKnownFileType = sourcecode.swift; path = AliveWatchApp.swift; sourceTree = "<group>"; };
		12F909F22B18CB6200DDF4D1 /* ContentView.swift */ = {isa = PBXFileReference; lastKnownFileType = sourcecode.swift; path = ContentView.swift; sourceTree = "<group>"; };
		12F909F42B18CB6400DDF4D1 /* Assets.xcassets */ = {isa = PBXFileReference; lastKnownFileType = folder.assetcatalog; path = Assets.xcassets; sourceTree = "<group>"; };
		12F909F72B18CB6400DDF4D1 /* Preview Assets.xcassets */ = {isa = PBXFileReference; lastKnownFileType = folder.assetcatalog; path = "Preview Assets.xcassets"; sourceTree = "<group>"; };
		12F90A002B18CB8B00DDF4D1 /* WatchConnectViewModel.swift */ = {isa = PBXFileReference; lastKnownFileType = sourcecode.swift; path = WatchConnectViewModel.swift; sourceTree = "<group>"; };
		50CBE1B59773CF5328B9A8D8 /* Pods_Alive.framework */ = {isa = PBXFileReference; explicitFileType = wrapper.framework; includeInIndex = 0; path = Pods_Alive.framework; sourceTree = BUILT_PRODUCTS_DIR; };
		514A17A386FF4D5734F351A6 /* Pods-Alive.release.xcconfig */ = {isa = PBXFileReference; includeInIndex = 1; lastKnownFileType = text.xcconfig; name = "Pods-Alive.release.xcconfig"; path = "Target Support Files/Pods-Alive/Pods-Alive.release.xcconfig"; sourceTree = "<group>"; };
		E5A967D569A80849054C39E2 /* Pods-AliveWatch Watch App.release.xcconfig */ = {isa = PBXFileReference; includeInIndex = 1; lastKnownFileType = text.xcconfig; name = "Pods-AliveWatch Watch App.release.xcconfig"; path = "Target Support Files/Pods-AliveWatch Watch App/Pods-AliveWatch Watch App.release.xcconfig"; sourceTree = "<group>"; };
		E75865A46E6BAF02697CE965 /* Pods-AliveWatch Watch App.debug.xcconfig */ = {isa = PBXFileReference; includeInIndex = 1; lastKnownFileType = text.xcconfig; name = "Pods-AliveWatch Watch App.debug.xcconfig"; path = "Target Support Files/Pods-AliveWatch Watch App/Pods-AliveWatch Watch App.debug.xcconfig"; sourceTree = "<group>"; };
		E79343CB9FAA916E10CD9C75 /* Pods_AliveWatch_Watch_App.framework */ = {isa = PBXFileReference; explicitFileType = wrapper.framework; includeInIndex = 0; path = Pods_AliveWatch_Watch_App.framework; sourceTree = BUILT_PRODUCTS_DIR; };
/* End PBXFileReference section */

/* Begin PBXFrameworksBuildPhase section */
		1242A2C42B0B66EC0033BD09 /* Frameworks */ = {
			isa = PBXFrameworksBuildPhase;
			buildActionMask = 2147483647;
			files = (
				3F7636776BFE4A61BC175C92 /* Pods_Alive.framework in Frameworks */,
			);
			runOnlyForDeploymentPostprocessing = 0;
		};
		12F909EB2B18CB6200DDF4D1 /* Frameworks */ = {
			isa = PBXFrameworksBuildPhase;
			buildActionMask = 2147483647;
			files = (
				5E9FEC1662873E5B4D40414C /* Pods_AliveWatch_Watch_App.framework in Frameworks */,
			);
			runOnlyForDeploymentPostprocessing = 0;
		};
/* End PBXFrameworksBuildPhase section */

/* Begin PBXGroup section */
		1232EB1B2B1440610072480C /* Onboarding */ = {
			isa = PBXGroup;
			children = (
				1232EB1C2B1440710072480C /* Onboarding1View.swift */,
				1232EB1E2B14409E0072480C /* Onboarding2View.swift */,
				1232EB202B1440A70072480C /* Onboarding3View.swift */,
				1232EB222B1440E30072480C /* SplashView.swift */,
			);
			path = Onboarding;
			sourceTree = "<group>";
		};
		1242A2BE2B0B66EC0033BD09 = {
			isa = PBXGroup;
			children = (
				1242A2C92B0B66EC0033BD09 /* Alive */,
				12F909EF2B18CB6200DDF4D1 /* AliveWatch Watch App */,
				1242A2C82B0B66EC0033BD09 /* Products */,
				52C2971FC94C465977190C45 /* Pods */,
				5D1C33187143AE2E8BA89297 /* Frameworks */,
			);
			sourceTree = "<group>";
		};
		1242A2C82B0B66EC0033BD09 /* Products */ = {
			isa = PBXGroup;
			children = (
				1242A2C72B0B66EC0033BD09 /* Alive.app */,
				12F909EE2B18CB6200DDF4D1 /* AliveWatch Watch App.app */,
			);
			name = Products;
			sourceTree = "<group>";
		};
		1242A2C92B0B66EC0033BD09 /* Alive */ = {
			isa = PBXGroup;
			children = (
				1242A2DA2B0B69B70033BD09 /* Info.plist */,
				1242A2D82B0B69740033BD09 /* GoogleService-Info.plist */,
				1242A2E02B0B6A790033BD09 /* Generated */,
				1242A2DF2B0B6A740033BD09 /* Resources */,
				1242A2F82B0B6E530033BD09 /* Extension&Utility */,
				1242A2ED2B0B6B470033BD09 /* Model */,
				1242A2DB2B0B69ED0033BD09 /* View */,
				1242A2EE2B0B6B4C0033BD09 /* ViewModel */,
				1242A2EF2B0B6B6F0033BD09 /* Repository */,
				1242A2D02B0B66EE0033BD09 /* Preview Content */,
			);
			path = Alive;
			sourceTree = "<group>";
		};
		1242A2D02B0B66EE0033BD09 /* Preview Content */ = {
			isa = PBXGroup;
			children = (
				1242A2D12B0B66EE0033BD09 /* Preview Assets.xcassets */,
			);
			path = "Preview Content";
			sourceTree = "<group>";
		};
		1242A2DB2B0B69ED0033BD09 /* View */ = {
			isa = PBXGroup;
			children = (
				1242A2CA2B0B66EC0033BD09 /* AliveApp.swift */,
				128C3E6E2B10BC6B00CB9A3D /* RootView.swift */,
				1232EB1B2B1440610072480C /* Onboarding */,
				128C3E722B10BF2A00CB9A3D /* ListView */,
				128C3E712B10BF2000CB9A3D /* DetailView */,
				128C3E702B10BF1300CB9A3D /* InputView */,
				128C3E732B10E28900CB9A3D /* Setting */,
				1242A3132B0C6A900033BD09 /* Dialog */,
				1242A2DC2B0B69F30033BD09 /* Components */,
			);
			path = View;
			sourceTree = "<group>";
		};
		1242A2DC2B0B69F30033BD09 /* Components */ = {
			isa = PBXGroup;
			children = (
				1242A2DD2B0B6A180033BD09 /* AdMobView.swift */,
				1242A3162B0CBD970033BD09 /* LiveImageView.swift */,
				128C3E6A2B10480700CB9A3D /* CardLiveView.swift */,
				128C3E6C2B104ABD00CB9A3D /* MonthAndDayView.swift */,
				126C6ED92B14DB960008A1E7 /* Input */,
				126C6ED82B14DB120008A1E7 /* Layout */,
				126341FE2B12D69D001B8E51 /* Charts */,
			);
			path = Components;
			sourceTree = "<group>";
		};
		1242A2DF2B0B6A740033BD09 /* Resources */ = {
			isa = PBXGroup;
			children = (
				1242A2CE2B0B66EE0033BD09 /* Images.xcassets */,
				1242A2E72B0B6AC10033BD09 /* Colors.xcassets */,
				1242A2E52B0B6A8D0033BD09 /* Localizable.strings */,
			);
			path = Resources;
			sourceTree = "<group>";
		};
		1242A2E02B0B6A790033BD09 /* Generated */ = {
			isa = PBXGroup;
			children = (
				1242A2E92B0B6AE60033BD09 /* Assets.swift */,
				1242A2EA2B0B6AE60033BD09 /* Strings.swift */,
			);
			path = Generated;
			sourceTree = "<group>";
		};
		1242A2ED2B0B6B470033BD09 /* Model */ = {
			isa = PBXGroup;
			children = (
				1242A2F02B0B6B900033BD09 /* Live.swift */,
				1242A30F2B0BA96D0033BD09 /* LiveType.swift */,
				1242A3112B0C62FC0033BD09 /* TimeTable.swift */,
				126341D82B11FBBC001B8E51 /* AdsConfig.swift */,
				12F909E72B18C27300DDF4D1 /* Error */,
				12E9DE392B21880800AD8223 /* WatchHeader */,
			);
			path = Model;
			sourceTree = "<group>";
		};
		1242A2EE2B0B6B4C0033BD09 /* ViewModel */ = {
			isa = PBXGroup;
			children = (
				1242A2F42B0B6D660033BD09 /* RealmRepositoryViewModel.swift */,
				12A221702B15A66600C5165D /* ShareLiveInfoViewModel.swift */,
				1242A3012B0B6F380033BD09 /* UserDefaultsRepositoryViewModel.swift */,
				128C3E762B10E3C200CB9A3D /* SettingViewModel.swift */,
				12F90A002B18CB8B00DDF4D1 /* WatchConnectViewModel.swift */,
			);
			path = ViewModel;
			sourceTree = "<group>";
		};
		1242A2EF2B0B6B6F0033BD09 /* Repository */ = {
			isa = PBXGroup;
			children = (
				1242A2F22B0B6CBA0033BD09 /* RealmRepository.swift */,
				1242A2FF2B0B6F060033BD09 /* UserDefaultsRepository.swift */,
			);
			path = Repository;
			sourceTree = "<group>";
		};
		1242A2F82B0B6E530033BD09 /* Extension&Utility */ = {
			isa = PBXGroup;
			children = (
				1242A2F92B0B6E710033BD09 /* ImageFileManager.swift */,
				1242A2FB2B0B6E910033BD09 /* ExCollection.swift */,
				1242A3052B0B7CE40033BD09 /* DeviceSizeManager.swift */,
				1242A2FD2B0B6EA40033BD09 /* DateFormatManager.swift */,
				126C6EDE2B1569790008A1E7 /* ShareInfoManager.swift */,
			);
			path = "Extension&Utility";
			sourceTree = "<group>";
		};
		1242A3132B0C6A900033BD09 /* Dialog */ = {
			isa = PBXGroup;
			children = (
				1242A3142B0C6A9C0033BD09 /* ImagePickerDialog.swift */,
			);
			path = Dialog;
			sourceTree = "<group>";
		};
		126341FE2B12D69D001B8E51 /* Charts */ = {
			isa = PBXGroup;
			children = (
				126341FC2B122D16001B8E51 /* ArtistPieChartView.swift */,
				126341FF2B12D6B3001B8E51 /* ArtistBarChartView.swift */,
			);
			path = Charts;
			sourceTree = "<group>";
		};
		126C6ED82B14DB120008A1E7 /* Layout */ = {
			isa = PBXGroup;
			children = (
				1242A3072B0B7E130033BD09 /* HeaderView.swift */,
				1242A30B2B0B8EAD0033BD09 /* FooterView.swift */,
			);
			path = Layout;
			sourceTree = "<group>";
		};
		126C6ED92B14DB960008A1E7 /* Input */ = {
			isa = PBXGroup;
			children = (
				126C6EDA2B14DBA90008A1E7 /* CustomInputView.swift */,
				126C6EDC2B14DBD00008A1E7 /* TimePicker.swift */,
			);
			path = Input;
			sourceTree = "<group>";
		};
		128C3E702B10BF1300CB9A3D /* InputView */ = {
			isa = PBXGroup;
			children = (
				1242A3092B0B8C5F0033BD09 /* InputLiveView.swift */,
				128C3E682B0F889600CB9A3D /* InputTimeTableView.swift */,
			);
			path = InputView;
			sourceTree = "<group>";
		};
		128C3E712B10BF2000CB9A3D /* DetailView */ = {
			isa = PBXGroup;
			children = (
				1242A3032B0B75B20033BD09 /* DetailLiveView.swift */,
			);
			path = DetailView;
			sourceTree = "<group>";
		};
		128C3E722B10BF2A00CB9A3D /* ListView */ = {
			isa = PBXGroup;
			children = (
				126341DA2B120076001B8E51 /* MainView.swift */,
				1242A2F62B0B6E200033BD09 /* LiveScheduleListView.swift */,
				126341DE2B1210CF001B8E51 /* AllLiveListView.swift */,
				1242A30D2B0B912C0033BD09 /* ArtistCountChartView.swift */,
				12A2216E2B156F3200C5165D /* ShareLiveInfoView.swift */,
			);
			path = ListView;
			sourceTree = "<group>";
		};
		128C3E732B10E28900CB9A3D /* Setting */ = {
			isa = PBXGroup;
			children = (
				128C3E742B10E29C00CB9A3D /* SettingView.swift */,
				128C3E782B1162FB00CB9A3D /* RewardButtonView.swift */,
			);
			path = Setting;
			sourceTree = "<group>";
		};
		12E9DE392B21880800AD8223 /* WatchHeader */ = {
			isa = PBXGroup;
			children = (
				12E9DE3A2B21884500AD8223 /* WatchHeaderKey.swift */,
			);
			path = WatchHeader;
			sourceTree = "<group>";
		};
		12E9DE452B22C74600AD8223 /* Repository */ = {
			isa = PBXGroup;
			children = (
				12E9DE462B22C75200AD8223 /* RealmRepository.swift */,
			);
			path = Repository;
			sourceTree = "<group>";
		};
		12E9DE4B2B22C9A000AD8223 /* Extension&Utility */ = {
			isa = PBXGroup;
			children = (
				12E9DE5A2B22F57E00AD8223 /* DeviceSizeManager.swift */,
			);
			path = "Extension&Utility";
			sourceTree = "<group>";
		};
		12F909E72B18C27300DDF4D1 /* Error */ = {
			isa = PBXGroup;
			children = (
				12F909E82B18C29500DDF4D1 /* ImageError.swift */,
				12E9DE412B22044A00AD8223 /* ConnectError.swift */,
				1269A1B32B2423CE00D7F415 /* SessionError.swift */,
			);
			path = Error;
			sourceTree = "<group>";
		};
		12F909EF2B18CB6200DDF4D1 /* AliveWatch Watch App */ = {
			isa = PBXGroup;
			children = (
				12F909F02B18CB6200DDF4D1 /* AliveWatchApp.swift */,
				12E9DE4B2B22C9A000AD8223 /* Extension&Utility */,
				12F90A022B18CBA000DDF4D1 /* View */,
				12F90A032B18CBA400DDF4D1 /* ViewModel */,
				12E9DE452B22C74600AD8223 /* Repository */,
				12F909F42B18CB6400DDF4D1 /* Assets.xcassets */,
				12F909F62B18CB6400DDF4D1 /* Preview Content */,
			);
			path = "AliveWatch Watch App";
			sourceTree = "<group>";
		};
		12F909F62B18CB6400DDF4D1 /* Preview Content */ = {
			isa = PBXGroup;
			children = (
				12F909F72B18CB6400DDF4D1 /* Preview Assets.xcassets */,
			);
			path = "Preview Content";
			sourceTree = "<group>";
		};
		12F90A022B18CBA000DDF4D1 /* View */ = {
			isa = PBXGroup;
			children = (
				12E9DE542B22CFFE00AD8223 /* RootView.swift */,
				12F909F22B18CB6200DDF4D1 /* ContentView.swift */,
				12E9DE512B22CCC100AD8223 /* CardLiveView.swift */,
				12E9DE582B22D2D400AD8223 /* CustomDialog.swift */,
			);
			path = View;
			sourceTree = "<group>";
		};
		12F90A032B18CBA400DDF4D1 /* ViewModel */ = {
			isa = PBXGroup;
			children = (
				12A95D4B2B1AF08B00AC2591 /* SessionManager.swift */,
				12E9DE562B22D09A00AD8223 /* RootEnvironment.swift */,
				12E9DE432B22C6A200AD8223 /* RepositoryViewModel.swift */,
			);
			path = ViewModel;
			sourceTree = "<group>";
		};
		52C2971FC94C465977190C45 /* Pods */ = {
			isa = PBXGroup;
			children = (
				0AFA982D3E503272A6A1DBB4 /* Pods-Alive.debug.xcconfig */,
				514A17A386FF4D5734F351A6 /* Pods-Alive.release.xcconfig */,
				E75865A46E6BAF02697CE965 /* Pods-AliveWatch Watch App.debug.xcconfig */,
				E5A967D569A80849054C39E2 /* Pods-AliveWatch Watch App.release.xcconfig */,
			);
			path = Pods;
			sourceTree = "<group>";
		};
		5D1C33187143AE2E8BA89297 /* Frameworks */ = {
			isa = PBXGroup;
			children = (
				50CBE1B59773CF5328B9A8D8 /* Pods_Alive.framework */,
				E79343CB9FAA916E10CD9C75 /* Pods_AliveWatch_Watch_App.framework */,
			);
			name = Frameworks;
			sourceTree = "<group>";
		};
/* End PBXGroup section */

/* Begin PBXNativeTarget section */
		1242A2C62B0B66EC0033BD09 /* Alive */ = {
			isa = PBXNativeTarget;
			buildConfigurationList = 1242A2D52B0B66EE0033BD09 /* Build configuration list for PBXNativeTarget "Alive" */;
			buildPhases = (
				213BB1B7F928D088272475AE /* [CP] Check Pods Manifest.lock */,
				1242A2C32B0B66EC0033BD09 /* Sources */,
				1242A2C42B0B66EC0033BD09 /* Frameworks */,
				1242A2C52B0B66EC0033BD09 /* Resources */,
				0C446F363727ADEB2F10775D /* [CP] Embed Pods Frameworks */,
				12F909FF2B18CB6400DDF4D1 /* Embed Watch Content */,
			);
			buildRules = (
			);
			dependencies = (
				12F909FA2B18CB6400DDF4D1 /* PBXTargetDependency */,
			);
			name = Alive;
			productName = Alive;
			productReference = 1242A2C72B0B66EC0033BD09 /* Alive.app */;
			productType = "com.apple.product-type.application";
		};
		12F909ED2B18CB6200DDF4D1 /* AliveWatch Watch App */ = {
			isa = PBXNativeTarget;
			buildConfigurationList = 12F909FC2B18CB6400DDF4D1 /* Build configuration list for PBXNativeTarget "AliveWatch Watch App" */;
			buildPhases = (
				E4AAD49BEFEB9E0C99864C28 /* [CP] Check Pods Manifest.lock */,
				12F909EA2B18CB6200DDF4D1 /* Sources */,
				12F909EB2B18CB6200DDF4D1 /* Frameworks */,
				12F909EC2B18CB6200DDF4D1 /* Resources */,
				08AFDDD237CA52D5A33C4604 /* [CP] Embed Pods Frameworks */,
			);
			buildRules = (
			);
			dependencies = (
			);
			name = "AliveWatch Watch App";
			productName = "AliveWatch Watch App";
			productReference = 12F909EE2B18CB6200DDF4D1 /* AliveWatch Watch App.app */;
			productType = "com.apple.product-type.application";
		};
/* End PBXNativeTarget section */

/* Begin PBXProject section */
		1242A2BF2B0B66EC0033BD09 /* Project object */ = {
			isa = PBXProject;
			attributes = {
				BuildIndependentTargetsInParallel = 1;
				LastSwiftUpdateCheck = 1500;
				LastUpgradeCheck = 1500;
				TargetAttributes = {
					1242A2C62B0B66EC0033BD09 = {
						CreatedOnToolsVersion = 15.0.1;
					};
					12F909ED2B18CB6200DDF4D1 = {
						CreatedOnToolsVersion = 15.0.1;
					};
				};
			};
			buildConfigurationList = 1242A2C22B0B66EC0033BD09 /* Build configuration list for PBXProject "Alive" */;
			compatibilityVersion = "Xcode 14.0";
			developmentRegion = en;
			hasScannedForEncodings = 0;
			knownRegions = (
				en,
				Base,
				ja,
			);
			mainGroup = 1242A2BE2B0B66EC0033BD09;
			productRefGroup = 1242A2C82B0B66EC0033BD09 /* Products */;
			projectDirPath = "";
			projectRoot = "";
			targets = (
				1242A2C62B0B66EC0033BD09 /* Alive */,
				12F909ED2B18CB6200DDF4D1 /* AliveWatch Watch App */,
			);
		};
/* End PBXProject section */

/* Begin PBXResourcesBuildPhase section */
		1242A2C52B0B66EC0033BD09 /* Resources */ = {
			isa = PBXResourcesBuildPhase;
			buildActionMask = 2147483647;
			files = (
				1242A2E82B0B6AC10033BD09 /* Colors.xcassets in Resources */,
				1242A2D22B0B66EE0033BD09 /* Preview Assets.xcassets in Resources */,
				1242A2E32B0B6A8D0033BD09 /* Localizable.strings in Resources */,
				1242A2CF2B0B66EE0033BD09 /* Images.xcassets in Resources */,
				1242A2D92B0B69740033BD09 /* GoogleService-Info.plist in Resources */,
			);
			runOnlyForDeploymentPostprocessing = 0;
		};
		12F909EC2B18CB6200DDF4D1 /* Resources */ = {
			isa = PBXResourcesBuildPhase;
			buildActionMask = 2147483647;
			files = (
				12E9DE372B1D898300AD8223 /* Colors.xcassets in Resources */,
				12E9DE382B1D898500AD8223 /* Images.xcassets in Resources */,
				12F909F82B18CB6400DDF4D1 /* Preview Assets.xcassets in Resources */,
				12F909F52B18CB6400DDF4D1 /* Assets.xcassets in Resources */,
			);
			runOnlyForDeploymentPostprocessing = 0;
		};
/* End PBXResourcesBuildPhase section */

/* Begin PBXShellScriptBuildPhase section */
		08AFDDD237CA52D5A33C4604 /* [CP] Embed Pods Frameworks */ = {
			isa = PBXShellScriptBuildPhase;
			buildActionMask = 2147483647;
			files = (
			);
			inputFileListPaths = (
				"${PODS_ROOT}/Target Support Files/Pods-AliveWatch Watch App/Pods-AliveWatch Watch App-frameworks-${CONFIGURATION}-input-files.xcfilelist",
			);
			name = "[CP] Embed Pods Frameworks";
			outputFileListPaths = (
				"${PODS_ROOT}/Target Support Files/Pods-AliveWatch Watch App/Pods-AliveWatch Watch App-frameworks-${CONFIGURATION}-output-files.xcfilelist",
			);
			runOnlyForDeploymentPostprocessing = 0;
			shellPath = /bin/sh;
			shellScript = "\"${PODS_ROOT}/Target Support Files/Pods-AliveWatch Watch App/Pods-AliveWatch Watch App-frameworks.sh\"\n";
			showEnvVarsInLog = 0;
		};
		0C446F363727ADEB2F10775D /* [CP] Embed Pods Frameworks */ = {
			isa = PBXShellScriptBuildPhase;
			buildActionMask = 2147483647;
			files = (
			);
			inputFileListPaths = (
				"${PODS_ROOT}/Target Support Files/Pods-Alive/Pods-Alive-frameworks-${CONFIGURATION}-input-files.xcfilelist",
			);
			name = "[CP] Embed Pods Frameworks";
			outputFileListPaths = (
				"${PODS_ROOT}/Target Support Files/Pods-Alive/Pods-Alive-frameworks-${CONFIGURATION}-output-files.xcfilelist",
			);
			runOnlyForDeploymentPostprocessing = 0;
			shellPath = /bin/sh;
			shellScript = "\"${PODS_ROOT}/Target Support Files/Pods-Alive/Pods-Alive-frameworks.sh\"\n";
			showEnvVarsInLog = 0;
		};
		213BB1B7F928D088272475AE /* [CP] Check Pods Manifest.lock */ = {
			isa = PBXShellScriptBuildPhase;
			buildActionMask = 2147483647;
			files = (
			);
			inputFileListPaths = (
			);
			inputPaths = (
				"${PODS_PODFILE_DIR_PATH}/Podfile.lock",
				"${PODS_ROOT}/Manifest.lock",
			);
			name = "[CP] Check Pods Manifest.lock";
			outputFileListPaths = (
			);
			outputPaths = (
				"$(DERIVED_FILE_DIR)/Pods-Alive-checkManifestLockResult.txt",
			);
			runOnlyForDeploymentPostprocessing = 0;
			shellPath = /bin/sh;
			shellScript = "diff \"${PODS_PODFILE_DIR_PATH}/Podfile.lock\" \"${PODS_ROOT}/Manifest.lock\" > /dev/null\nif [ $? != 0 ] ; then\n    # print error to STDERR\n    echo \"error: The sandbox is not in sync with the Podfile.lock. Run 'pod install' or update your CocoaPods installation.\" >&2\n    exit 1\nfi\n# This output is used by Xcode 'outputs' to avoid re-running this script phase.\necho \"SUCCESS\" > \"${SCRIPT_OUTPUT_FILE_0}\"\n";
			showEnvVarsInLog = 0;
		};
		E4AAD49BEFEB9E0C99864C28 /* [CP] Check Pods Manifest.lock */ = {
			isa = PBXShellScriptBuildPhase;
			buildActionMask = 2147483647;
			files = (
			);
			inputFileListPaths = (
			);
			inputPaths = (
				"${PODS_PODFILE_DIR_PATH}/Podfile.lock",
				"${PODS_ROOT}/Manifest.lock",
			);
			name = "[CP] Check Pods Manifest.lock";
			outputFileListPaths = (
			);
			outputPaths = (
				"$(DERIVED_FILE_DIR)/Pods-AliveWatch Watch App-checkManifestLockResult.txt",
			);
			runOnlyForDeploymentPostprocessing = 0;
			shellPath = /bin/sh;
			shellScript = "diff \"${PODS_PODFILE_DIR_PATH}/Podfile.lock\" \"${PODS_ROOT}/Manifest.lock\" > /dev/null\nif [ $? != 0 ] ; then\n    # print error to STDERR\n    echo \"error: The sandbox is not in sync with the Podfile.lock. Run 'pod install' or update your CocoaPods installation.\" >&2\n    exit 1\nfi\n# This output is used by Xcode 'outputs' to avoid re-running this script phase.\necho \"SUCCESS\" > \"${SCRIPT_OUTPUT_FILE_0}\"\n";
			showEnvVarsInLog = 0;
		};
/* End PBXShellScriptBuildPhase section */

/* Begin PBXSourcesBuildPhase section */
		1242A2C32B0B66EC0033BD09 /* Sources */ = {
			isa = PBXSourcesBuildPhase;
			buildActionMask = 2147483647;
			files = (
				1242A3002B0B6F060033BD09 /* UserDefaultsRepository.swift in Sources */,
				1242A2DE2B0B6A180033BD09 /* AdMobView.swift in Sources */,
				1242A3022B0B6F380033BD09 /* UserDefaultsRepositoryViewModel.swift in Sources */,
				1232EB1F2B14409E0072480C /* Onboarding2View.swift in Sources */,
				1242A30C2B0B8EAD0033BD09 /* FooterView.swift in Sources */,
				1242A2EC2B0B6AE60033BD09 /* Strings.swift in Sources */,
				128C3E692B0F889600CB9A3D /* InputTimeTableView.swift in Sources */,
				12F90A012B18CB8B00DDF4D1 /* WatchConnectViewModel.swift in Sources */,
				1242A2EB2B0B6AE60033BD09 /* Assets.swift in Sources */,
				12F909E92B18C29500DDF4D1 /* ImageError.swift in Sources */,
				1232EB232B1440E30072480C /* SplashView.swift in Sources */,
				1242A30A2B0B8C5F0033BD09 /* InputLiveView.swift in Sources */,
				1242A2FE2B0B6EA40033BD09 /* DateFormatManager.swift in Sources */,
				126341DB2B120076001B8E51 /* MainView.swift in Sources */,
				1232EB212B1440A70072480C /* Onboarding3View.swift in Sources */,
				1242A2F72B0B6E200033BD09 /* LiveScheduleListView.swift in Sources */,
				1242A2FA2B0B6E710033BD09 /* ImageFileManager.swift in Sources */,
				126341D92B11FBBC001B8E51 /* AdsConfig.swift in Sources */,
				1242A2FC2B0B6E910033BD09 /* ExCollection.swift in Sources */,
				126342002B12D6B3001B8E51 /* ArtistBarChartView.swift in Sources */,
				128C3E772B10E3C200CB9A3D /* SettingViewModel.swift in Sources */,
				1242A30E2B0B912C0033BD09 /* ArtistCountChartView.swift in Sources */,
				1242A2F32B0B6CBA0033BD09 /* RealmRepository.swift in Sources */,
				1242A3042B0B75B20033BD09 /* DetailLiveView.swift in Sources */,
				12A2216F2B156F3200C5165D /* ShareLiveInfoView.swift in Sources */,
				126C6EDD2B14DBD00008A1E7 /* TimePicker.swift in Sources */,
				1242A2CB2B0B66EC0033BD09 /* AliveApp.swift in Sources */,
				128C3E792B1162FB00CB9A3D /* RewardButtonView.swift in Sources */,
				128C3E6D2B104ABD00CB9A3D /* MonthAndDayView.swift in Sources */,
				128C3E752B10E29C00CB9A3D /* SettingView.swift in Sources */,
				1232EB1D2B1440710072480C /* Onboarding1View.swift in Sources */,
				1242A3172B0CBD970033BD09 /* LiveImageView.swift in Sources */,
				1242A3102B0BA96D0033BD09 /* LiveType.swift in Sources */,
				128C3E6F2B10BC6B00CB9A3D /* RootView.swift in Sources */,
				1242A3122B0C62FC0033BD09 /* TimeTable.swift in Sources */,
				1242A3152B0C6A9C0033BD09 /* ImagePickerDialog.swift in Sources */,
				12A221712B15A66600C5165D /* ShareLiveInfoViewModel.swift in Sources */,
				126341FD2B122D16001B8E51 /* ArtistPieChartView.swift in Sources */,
				1242A2F52B0B6D660033BD09 /* RealmRepositoryViewModel.swift in Sources */,
				1242A2F12B0B6B900033BD09 /* Live.swift in Sources */,
				1242A3062B0B7CE40033BD09 /* DeviceSizeManager.swift in Sources */,
				12E9DE3B2B21884500AD8223 /* WatchHeaderKey.swift in Sources */,
				1242A3082B0B7E130033BD09 /* HeaderView.swift in Sources */,
				1269A1B42B2423CE00D7F415 /* SessionError.swift in Sources */,
				126341DF2B1210CF001B8E51 /* AllLiveListView.swift in Sources */,
				12E9DE422B22044A00AD8223 /* ConnectError.swift in Sources */,
				126C6EDF2B1569790008A1E7 /* ShareInfoManager.swift in Sources */,
				126C6EDB2B14DBA90008A1E7 /* CustomInputView.swift in Sources */,
				128C3E6B2B10480700CB9A3D /* CardLiveView.swift in Sources */,
			);
			runOnlyForDeploymentPostprocessing = 0;
		};
		12F909EA2B18CB6200DDF4D1 /* Sources */ = {
			isa = PBXSourcesBuildPhase;
			buildActionMask = 2147483647;
			files = (
				12A95D4E2B1AF24200AC2591 /* LiveType.swift in Sources */,
				12E9DE342B1D88F500AD8223 /* Assets.swift in Sources */,
				12E9DE352B1D88F800AD8223 /* Strings.swift in Sources */,
				12A95D4F2B1AF24400AC2591 /* TimeTable.swift in Sources */,
				12F909F32B18CB6200DDF4D1 /* ContentView.swift in Sources */,
				12E9DE472B22C75200AD8223 /* RealmRepository.swift in Sources */,
				12E9DE522B22CCC100AD8223 /* CardLiveView.swift in Sources */,
				12A95D4D2B1AF24000AC2591 /* Live.swift in Sources */,
				12E9DE552B22CFFE00AD8223 /* RootView.swift in Sources */,
				12E9DE3C2B21888700AD8223 /* WatchHeaderKey.swift in Sources */,
				12F909F12B18CB6200DDF4D1 /* AliveWatchApp.swift in Sources */,
				12E9DE362B1D890800AD8223 /* DateFormatManager.swift in Sources */,
				12A95D4C2B1AF08B00AC2591 /* SessionManager.swift in Sources */,
				12E9DE442B22C6A200AD8223 /* RepositoryViewModel.swift in Sources */,
				12E9DE532B22CD1700AD8223 /* MonthAndDayView.swift in Sources */,
				1269A1B52B24251300D7F415 /* SessionError.swift in Sources */,
				12E9DE5B2B22F57E00AD8223 /* DeviceSizeManager.swift in Sources */,
				12E9DE502B22CA5400AD8223 /* ConnectError.swift in Sources */,
				12E9DE592B22D2D400AD8223 /* CustomDialog.swift in Sources */,
				12E9DE572B22D09A00AD8223 /* RootEnvironment.swift in Sources */,
			);
			runOnlyForDeploymentPostprocessing = 0;
		};
/* End PBXSourcesBuildPhase section */

/* Begin PBXTargetDependency section */
		12F909FA2B18CB6400DDF4D1 /* PBXTargetDependency */ = {
			isa = PBXTargetDependency;
			target = 12F909ED2B18CB6200DDF4D1 /* AliveWatch Watch App */;
			targetProxy = 12F909F92B18CB6400DDF4D1 /* PBXContainerItemProxy */;
		};
/* End PBXTargetDependency section */

/* Begin PBXVariantGroup section */
		1242A2E52B0B6A8D0033BD09 /* Localizable.strings */ = {
			isa = PBXVariantGroup;
			children = (
				1242A2E42B0B6A8D0033BD09 /* en */,
				1242A2E62B0B6AA20033BD09 /* ja */,
			);
			name = Localizable.strings;
			sourceTree = "<group>";
		};
/* End PBXVariantGroup section */

/* Begin XCBuildConfiguration section */
		1242A2D32B0B66EE0033BD09 /* Debug */ = {
			isa = XCBuildConfiguration;
			buildSettings = {
				ALWAYS_SEARCH_USER_PATHS = NO;
				ASSETCATALOG_COMPILER_GENERATE_SWIFT_ASSET_SYMBOL_EXTENSIONS = YES;
				CLANG_ANALYZER_LOCALIZABILITY_NONLOCALIZED = YES;
				CLANG_ANALYZER_NONNULL = YES;
				CLANG_ANALYZER_NUMBER_OBJECT_CONVERSION = YES_AGGRESSIVE;
				CLANG_CXX_LANGUAGE_STANDARD = "gnu++20";
				CLANG_ENABLE_MODULES = YES;
				CLANG_ENABLE_OBJC_ARC = YES;
				CLANG_ENABLE_OBJC_WEAK = YES;
				CLANG_WARN_BLOCK_CAPTURE_AUTORELEASING = YES;
				CLANG_WARN_BOOL_CONVERSION = YES;
				CLANG_WARN_COMMA = YES;
				CLANG_WARN_CONSTANT_CONVERSION = YES;
				CLANG_WARN_DEPRECATED_OBJC_IMPLEMENTATIONS = YES;
				CLANG_WARN_DIRECT_OBJC_ISA_USAGE = YES_ERROR;
				CLANG_WARN_DOCUMENTATION_COMMENTS = YES;
				CLANG_WARN_EMPTY_BODY = YES;
				CLANG_WARN_ENUM_CONVERSION = YES;
				CLANG_WARN_INFINITE_RECURSION = YES;
				CLANG_WARN_INT_CONVERSION = YES;
				CLANG_WARN_NON_LITERAL_NULL_CONVERSION = YES;
				CLANG_WARN_OBJC_IMPLICIT_RETAIN_SELF = YES;
				CLANG_WARN_OBJC_LITERAL_CONVERSION = YES;
				CLANG_WARN_OBJC_ROOT_CLASS = YES_ERROR;
				CLANG_WARN_QUOTED_INCLUDE_IN_FRAMEWORK_HEADER = YES;
				CLANG_WARN_RANGE_LOOP_ANALYSIS = YES;
				CLANG_WARN_STRICT_PROTOTYPES = YES;
				CLANG_WARN_SUSPICIOUS_MOVE = YES;
				CLANG_WARN_UNGUARDED_AVAILABILITY = YES_AGGRESSIVE;
				CLANG_WARN_UNREACHABLE_CODE = YES;
				CLANG_WARN__DUPLICATE_METHOD_MATCH = YES;
				COPY_PHASE_STRIP = NO;
				DEBUG_INFORMATION_FORMAT = dwarf;
				ENABLE_STRICT_OBJC_MSGSEND = YES;
				ENABLE_TESTABILITY = YES;
				ENABLE_USER_SCRIPT_SANDBOXING = YES;
				GCC_C_LANGUAGE_STANDARD = gnu17;
				GCC_DYNAMIC_NO_PIC = NO;
				GCC_NO_COMMON_BLOCKS = YES;
				GCC_OPTIMIZATION_LEVEL = 0;
				GCC_PREPROCESSOR_DEFINITIONS = (
					"DEBUG=1",
					"$(inherited)",
				);
				GCC_WARN_64_TO_32_BIT_CONVERSION = YES;
				GCC_WARN_ABOUT_RETURN_TYPE = YES_ERROR;
				GCC_WARN_UNDECLARED_SELECTOR = YES;
				GCC_WARN_UNINITIALIZED_AUTOS = YES_AGGRESSIVE;
				GCC_WARN_UNUSED_FUNCTION = YES;
				GCC_WARN_UNUSED_VARIABLE = YES;
				IPHONEOS_DEPLOYMENT_TARGET = 17.0;
				LOCALIZATION_PREFERS_STRING_CATALOGS = YES;
				MTL_ENABLE_DEBUG_INFO = INCLUDE_SOURCE;
				MTL_FAST_MATH = YES;
				ONLY_ACTIVE_ARCH = YES;
				SDKROOT = iphoneos;
				SWIFT_ACTIVE_COMPILATION_CONDITIONS = "DEBUG $(inherited)";
				SWIFT_OPTIMIZATION_LEVEL = "-Onone";
			};
			name = Debug;
		};
		1242A2D42B0B66EE0033BD09 /* Release */ = {
			isa = XCBuildConfiguration;
			buildSettings = {
				ALWAYS_SEARCH_USER_PATHS = NO;
				ASSETCATALOG_COMPILER_GENERATE_SWIFT_ASSET_SYMBOL_EXTENSIONS = YES;
				CLANG_ANALYZER_LOCALIZABILITY_NONLOCALIZED = YES;
				CLANG_ANALYZER_NONNULL = YES;
				CLANG_ANALYZER_NUMBER_OBJECT_CONVERSION = YES_AGGRESSIVE;
				CLANG_CXX_LANGUAGE_STANDARD = "gnu++20";
				CLANG_ENABLE_MODULES = YES;
				CLANG_ENABLE_OBJC_ARC = YES;
				CLANG_ENABLE_OBJC_WEAK = YES;
				CLANG_WARN_BLOCK_CAPTURE_AUTORELEASING = YES;
				CLANG_WARN_BOOL_CONVERSION = YES;
				CLANG_WARN_COMMA = YES;
				CLANG_WARN_CONSTANT_CONVERSION = YES;
				CLANG_WARN_DEPRECATED_OBJC_IMPLEMENTATIONS = YES;
				CLANG_WARN_DIRECT_OBJC_ISA_USAGE = YES_ERROR;
				CLANG_WARN_DOCUMENTATION_COMMENTS = YES;
				CLANG_WARN_EMPTY_BODY = YES;
				CLANG_WARN_ENUM_CONVERSION = YES;
				CLANG_WARN_INFINITE_RECURSION = YES;
				CLANG_WARN_INT_CONVERSION = YES;
				CLANG_WARN_NON_LITERAL_NULL_CONVERSION = YES;
				CLANG_WARN_OBJC_IMPLICIT_RETAIN_SELF = YES;
				CLANG_WARN_OBJC_LITERAL_CONVERSION = YES;
				CLANG_WARN_OBJC_ROOT_CLASS = YES_ERROR;
				CLANG_WARN_QUOTED_INCLUDE_IN_FRAMEWORK_HEADER = YES;
				CLANG_WARN_RANGE_LOOP_ANALYSIS = YES;
				CLANG_WARN_STRICT_PROTOTYPES = YES;
				CLANG_WARN_SUSPICIOUS_MOVE = YES;
				CLANG_WARN_UNGUARDED_AVAILABILITY = YES_AGGRESSIVE;
				CLANG_WARN_UNREACHABLE_CODE = YES;
				CLANG_WARN__DUPLICATE_METHOD_MATCH = YES;
				COPY_PHASE_STRIP = NO;
				DEBUG_INFORMATION_FORMAT = "dwarf-with-dsym";
				ENABLE_NS_ASSERTIONS = NO;
				ENABLE_STRICT_OBJC_MSGSEND = YES;
				ENABLE_USER_SCRIPT_SANDBOXING = YES;
				GCC_C_LANGUAGE_STANDARD = gnu17;
				GCC_NO_COMMON_BLOCKS = YES;
				GCC_WARN_64_TO_32_BIT_CONVERSION = YES;
				GCC_WARN_ABOUT_RETURN_TYPE = YES_ERROR;
				GCC_WARN_UNDECLARED_SELECTOR = YES;
				GCC_WARN_UNINITIALIZED_AUTOS = YES_AGGRESSIVE;
				GCC_WARN_UNUSED_FUNCTION = YES;
				GCC_WARN_UNUSED_VARIABLE = YES;
				IPHONEOS_DEPLOYMENT_TARGET = 17.0;
				LOCALIZATION_PREFERS_STRING_CATALOGS = YES;
				MTL_ENABLE_DEBUG_INFO = NO;
				MTL_FAST_MATH = YES;
				SDKROOT = iphoneos;
				SWIFT_COMPILATION_MODE = wholemodule;
				VALIDATE_PRODUCT = YES;
			};
			name = Release;
		};
		1242A2D62B0B66EE0033BD09 /* Debug */ = {
			isa = XCBuildConfiguration;
			baseConfigurationReference = 0AFA982D3E503272A6A1DBB4 /* Pods-Alive.debug.xcconfig */;
			buildSettings = {
				ALWAYS_EMBED_SWIFT_STANDARD_LIBRARIES = YES;
				ASSETCATALOG_COMPILER_APPICON_NAME = AppIcon;
				ASSETCATALOG_COMPILER_GLOBAL_ACCENT_COLOR_NAME = AccentColor;
				CODE_SIGN_STYLE = Automatic;
				CURRENT_PROJECT_VERSION = 9;
				DEVELOPMENT_ASSET_PATHS = "\"Alive/Preview Content\"";
				DEVELOPMENT_TEAM = CGD79LB65H;
				ENABLE_PREVIEWS = YES;
				ENABLE_USER_SCRIPT_SANDBOXING = NO;
				GENERATE_INFOPLIST_FILE = YES;
				INFOPLIST_FILE = Alive/Info.plist;
				INFOPLIST_KEY_LSApplicationCategoryType = "public.app-category.music";
				INFOPLIST_KEY_UIApplicationSceneManifest_Generation = YES;
				INFOPLIST_KEY_UIApplicationSupportsIndirectInputEvents = YES;
				INFOPLIST_KEY_UILaunchScreen_Generation = YES;
				INFOPLIST_KEY_UISupportedInterfaceOrientations = UIInterfaceOrientationPortrait;
				INFOPLIST_KEY_UISupportedInterfaceOrientations_iPad = "UIInterfaceOrientationLandscapeLeft UIInterfaceOrientationLandscapeRight UIInterfaceOrientationPortrait UIInterfaceOrientationPortraitUpsideDown";
				INFOPLIST_KEY_UIUserInterfaceStyle = Dark;
				IPHONEOS_DEPLOYMENT_TARGET = 16.0;
				LD_RUNPATH_SEARCH_PATHS = (
					"$(inherited)",
					"@executable_path/Frameworks",
				);
				MARKETING_VERSION = 1.1.4;
				PRODUCT_BUNDLE_IDENTIFIER = com.ame.Alive;
				PRODUCT_NAME = "$(TARGET_NAME)";
				SUPPORTED_PLATFORMS = "iphoneos iphonesimulator";
				SUPPORTS_MACCATALYST = NO;
				SWIFT_EMIT_LOC_STRINGS = YES;
				SWIFT_VERSION = 5.0;
				TARGETED_DEVICE_FAMILY = 1;
			};
			name = Debug;
		};
		1242A2D72B0B66EE0033BD09 /* Release */ = {
			isa = XCBuildConfiguration;
			baseConfigurationReference = 514A17A386FF4D5734F351A6 /* Pods-Alive.release.xcconfig */;
			buildSettings = {
				ALWAYS_EMBED_SWIFT_STANDARD_LIBRARIES = YES;
				ASSETCATALOG_COMPILER_APPICON_NAME = AppIcon;
				ASSETCATALOG_COMPILER_GLOBAL_ACCENT_COLOR_NAME = AccentColor;
				CODE_SIGN_STYLE = Automatic;
				CURRENT_PROJECT_VERSION = 9;
				DEVELOPMENT_ASSET_PATHS = "\"Alive/Preview Content\"";
				DEVELOPMENT_TEAM = CGD79LB65H;
				ENABLE_PREVIEWS = YES;
				ENABLE_USER_SCRIPT_SANDBOXING = NO;
				GENERATE_INFOPLIST_FILE = YES;
				INFOPLIST_FILE = Alive/Info.plist;
				INFOPLIST_KEY_LSApplicationCategoryType = "public.app-category.music";
				INFOPLIST_KEY_UIApplicationSceneManifest_Generation = YES;
				INFOPLIST_KEY_UIApplicationSupportsIndirectInputEvents = YES;
				INFOPLIST_KEY_UILaunchScreen_Generation = YES;
				INFOPLIST_KEY_UISupportedInterfaceOrientations = UIInterfaceOrientationPortrait;
				INFOPLIST_KEY_UISupportedInterfaceOrientations_iPad = "UIInterfaceOrientationLandscapeLeft UIInterfaceOrientationLandscapeRight UIInterfaceOrientationPortrait UIInterfaceOrientationPortraitUpsideDown";
				INFOPLIST_KEY_UIUserInterfaceStyle = Dark;
				IPHONEOS_DEPLOYMENT_TARGET = 16.0;
				LD_RUNPATH_SEARCH_PATHS = (
					"$(inherited)",
					"@executable_path/Frameworks",
				);
				MARKETING_VERSION = 1.1.4;
				PRODUCT_BUNDLE_IDENTIFIER = com.ame.Alive;
				PRODUCT_NAME = "$(TARGET_NAME)";
				SUPPORTED_PLATFORMS = "iphoneos iphonesimulator";
				SUPPORTS_MACCATALYST = NO;
				SWIFT_EMIT_LOC_STRINGS = YES;
				SWIFT_VERSION = 5.0;
				TARGETED_DEVICE_FAMILY = 1;
			};
			name = Release;
		};
		12F909FD2B18CB6400DDF4D1 /* Debug */ = {
			isa = XCBuildConfiguration;
			baseConfigurationReference = E75865A46E6BAF02697CE965 /* Pods-AliveWatch Watch App.debug.xcconfig */;
			buildSettings = {
				ASSETCATALOG_COMPILER_APPICON_NAME = AppIcon;
				ASSETCATALOG_COMPILER_GLOBAL_ACCENT_COLOR_NAME = AccentColor;
				CODE_SIGN_STYLE = Automatic;
				CURRENT_PROJECT_VERSION = 1;
				DEVELOPMENT_ASSET_PATHS = "\"AliveWatch Watch App/Preview Content\"";
				DEVELOPMENT_TEAM = CGD79LB65H;
				ENABLE_PREVIEWS = YES;
				ENABLE_USER_SCRIPT_SANDBOXING = NO;
				GENERATE_INFOPLIST_FILE = YES;
				INFOPLIST_KEY_CFBundleDisplayName = AliveWatch;
				INFOPLIST_KEY_UISupportedInterfaceOrientations = "UIInterfaceOrientationPortrait UIInterfaceOrientationPortraitUpsideDown";
				INFOPLIST_KEY_WKCompanionAppBundleIdentifier = com.ame.Alive;
				LD_RUNPATH_SEARCH_PATHS = (
					"$(inherited)",
					"@executable_path/Frameworks",
				);
				MARKETING_VERSION = 1.0;
				PRODUCT_BUNDLE_IDENTIFIER = com.ame.Alive.watchkitapp;
				PRODUCT_NAME = "$(TARGET_NAME)";
				SDKROOT = watchos;
				SKIP_INSTALL = YES;
				SWIFT_EMIT_LOC_STRINGS = YES;
				SWIFT_VERSION = 5.0;
				TARGETED_DEVICE_FAMILY = 4;
				WATCHOS_DEPLOYMENT_TARGET = 9.0;
			};
			name = Debug;
		};
		12F909FE2B18CB6400DDF4D1 /* Release */ = {
			isa = XCBuildConfiguration;
			baseConfigurationReference = E5A967D569A80849054C39E2 /* Pods-AliveWatch Watch App.release.xcconfig */;
			buildSettings = {
				ASSETCATALOG_COMPILER_APPICON_NAME = AppIcon;
				ASSETCATALOG_COMPILER_GLOBAL_ACCENT_COLOR_NAME = AccentColor;
				CODE_SIGN_STYLE = Automatic;
				CURRENT_PROJECT_VERSION = 1;
				DEVELOPMENT_ASSET_PATHS = "\"AliveWatch Watch App/Preview Content\"";
				DEVELOPMENT_TEAM = CGD79LB65H;
				ENABLE_PREVIEWS = YES;
				ENABLE_USER_SCRIPT_SANDBOXING = NO;
				GENERATE_INFOPLIST_FILE = YES;
				INFOPLIST_KEY_CFBundleDisplayName = AliveWatch;
				INFOPLIST_KEY_UISupportedInterfaceOrientations = "UIInterfaceOrientationPortrait UIInterfaceOrientationPortraitUpsideDown";
				INFOPLIST_KEY_WKCompanionAppBundleIdentifier = com.ame.Alive;
				LD_RUNPATH_SEARCH_PATHS = (
					"$(inherited)",
					"@executable_path/Frameworks",
				);
				MARKETING_VERSION = 1.0;
				PRODUCT_BUNDLE_IDENTIFIER = com.ame.Alive.watchkitapp;
				PRODUCT_NAME = "$(TARGET_NAME)";
				SDKROOT = watchos;
				SKIP_INSTALL = YES;
				SWIFT_EMIT_LOC_STRINGS = YES;
				SWIFT_VERSION = 5.0;
				TARGETED_DEVICE_FAMILY = 4;
				WATCHOS_DEPLOYMENT_TARGET = 9.0;
			};
			name = Release;
		};
/* End XCBuildConfiguration section */

/* Begin XCConfigurationList section */
		1242A2C22B0B66EC0033BD09 /* Build configuration list for PBXProject "Alive" */ = {
			isa = XCConfigurationList;
			buildConfigurations = (
				1242A2D32B0B66EE0033BD09 /* Debug */,
				1242A2D42B0B66EE0033BD09 /* Release */,
			);
			defaultConfigurationIsVisible = 0;
			defaultConfigurationName = Release;
		};
		1242A2D52B0B66EE0033BD09 /* Build configuration list for PBXNativeTarget "Alive" */ = {
			isa = XCConfigurationList;
			buildConfigurations = (
				1242A2D62B0B66EE0033BD09 /* Debug */,
				1242A2D72B0B66EE0033BD09 /* Release */,
			);
			defaultConfigurationIsVisible = 0;
			defaultConfigurationName = Release;
		};
		12F909FC2B18CB6400DDF4D1 /* Build configuration list for PBXNativeTarget "AliveWatch Watch App" */ = {
			isa = XCConfigurationList;
			buildConfigurations = (
				12F909FD2B18CB6400DDF4D1 /* Debug */,
				12F909FE2B18CB6400DDF4D1 /* Release */,
			);
			defaultConfigurationIsVisible = 0;
			defaultConfigurationName = Release;
		};
/* End XCConfigurationList section */
	};
	rootObject = 1242A2BF2B0B66EC0033BD09 /* Project object */;
}
